PODS:
  - IQKeyboardManager (6.0.4)
  - NYXImagesKit (2.3)
  - SDWebImage (3.7.2):
    - SDWebImage/Core (= 3.7.2)
  - SDWebImage/Core (3.7.2)

DEPENDENCIES:
  - IQKeyboardManager (= 6.0.4)
  - NYXImagesKit
  - SDWebImage (= 3.7.2)

SPEC REPOS:
  https://github.com/cocoapods/specs.git:
    - IQKeyboardManager
    - NYXImagesKit
    - SDWebImage

SPEC CHECKSUMS:
  IQKeyboardManager: 29514134ef0334a6fa33cf4eee11c36c064baeaf
  NYXImagesKit: 8163e3335a40eaa173ca5bbbf81fafb57d3947eb
  SDWebImage: 71b7cdc1d1721d6a82ed62889030225f2c249e29

PODFILE CHECKSUM: 2f3aade7eb133154bcace03f94a03d47e154ad50

COCOAPODS: 1.5.3
