// !$*UTF8*$!
{
	archiveVersion = 1;
	classes = {
	};
	objectVersion = 46;
	objects = {

/* Begin PBXBuildFile section */
		04204B961D0677530069A9FE /* JSPatch.framework in Frameworks */ = {isa = PBXBuildFile; fileRef = 04204B951D0677530069A9FE /* JSPatch.framework */; };
		04204B981D06780C0069A9FE /* JavaScriptCore.framework in Frameworks */ = {isa = PBXBuildFile; fileRef = 04204B971D06780C0069A9FE /* JavaScriptCore.framework */; };
		04204B9A1D0678120069A9FE /* libz.tbd in Frameworks */ = {isa = PBXBuildFile; fileRef = 04204B991D0678120069A9FE /* libz.tbd */; };
		0428C4151CFD8BAC001F9D6F /* HDProxyDemoViewController.m in Sources */ = {isa = PBXBuildFile; fileRef = 0428C4141CFD8BAC001F9D6F /* HDProxyDemoViewController.m */; };
		0428C4181CFD8C43001F9D6F /* HDProxy.m in Sources */ = {isa = PBXBuildFile; fileRef = 0428C4171CFD8C43001F9D6F /* HDProxy.m */; };
		0428C41B1CFD8C5E001F9D6F /* HDProxyModel.m in Sources */ = {isa = PBXBuildFile; fileRef = 0428C41A1CFD8C5E001F9D6F /* HDProxyModel.m */; };
		0428C41F1CFDA445001F9D6F /* HDDog.m in Sources */ = {isa = PBXBuildFile; fileRef = 0428C41E1CFDA445001F9D6F /* HDDog.m */; };
		0428C4221CFDA498001F9D6F /* HDCat.m in Sources */ = {isa = PBXBuildFile; fileRef = 0428C4211CFDA498001F9D6F /* HDCat.m */; };
		0428C4271CFDA4F7001F9D6F /* HDAnimalProxy.m in Sources */ = {isa = PBXBuildFile; fileRef = 0428C4261CFDA4F7001F9D6F /* HDAnimalProxy.m */; };
		0428C4351D002E7F001F9D6F /* HDFriendCycleViewController.m in Sources */ = {isa = PBXBuildFile; fileRef = 0428C4341D002E7F001F9D6F /* HDFriendCycleViewController.m */; };
		0428C4381D002EA3001F9D6F /* HDFriendCycleModel.m in Sources */ = {isa = PBXBuildFile; fileRef = 0428C4371D002EA3001F9D6F /* HDFriendCycleModel.m */; };
		0428C43E1D003E80001F9D6F /* HDFriendCycleTableViewCell.m in Sources */ = {isa = PBXBuildFile; fileRef = 0428C43D1D003E80001F9D6F /* HDFriendCycleTableViewCell.m */; };
		0428C4411D003EA8001F9D6F /* HDDynamicImageView.m in Sources */ = {isa = PBXBuildFile; fileRef = 0428C4401D003EA8001F9D6F /* HDDynamicImageView.m */; };
		0428C4611D003F42001F9D6F /* NSData+ImageContentType.m in Sources */ = {isa = PBXBuildFile; fileRef = 0428C4451D003F42001F9D6F /* NSData+ImageContentType.m */; };
		0428C4621D003F42001F9D6F /* SDImageCache.m in Sources */ = {isa = PBXBuildFile; fileRef = 0428C4471D003F42001F9D6F /* SDImageCache.m */; };
		0428C4631D003F42001F9D6F /* SDWebImageCompat.m in Sources */ = {isa = PBXBuildFile; fileRef = 0428C4491D003F42001F9D6F /* SDWebImageCompat.m */; };
		0428C4641D003F42001F9D6F /* SDWebImageDecoder.m in Sources */ = {isa = PBXBuildFile; fileRef = 0428C44B1D003F42001F9D6F /* SDWebImageDecoder.m */; };
		0428C4651D003F42001F9D6F /* SDWebImageDownloader.m in Sources */ = {isa = PBXBuildFile; fileRef = 0428C44D1D003F42001F9D6F /* SDWebImageDownloader.m */; };
		0428C4661D003F42001F9D6F /* SDWebImageDownloaderOperation.m in Sources */ = {isa = PBXBuildFile; fileRef = 0428C44F1D003F42001F9D6F /* SDWebImageDownloaderOperation.m */; };
		0428C4671D003F42001F9D6F /* SDWebImageManager.m in Sources */ = {isa = PBXBuildFile; fileRef = 0428C4511D003F42001F9D6F /* SDWebImageManager.m */; };
		0428C4681D003F42001F9D6F /* SDWebImagePrefetcher.m in Sources */ = {isa = PBXBuildFile; fileRef = 0428C4541D003F42001F9D6F /* SDWebImagePrefetcher.m */; };
		0428C4691D003F42001F9D6F /* UIButton+WebCache.m in Sources */ = {isa = PBXBuildFile; fileRef = 0428C4561D003F42001F9D6F /* UIButton+WebCache.m */; };
		0428C46A1D003F42001F9D6F /* UIImage+GIF.m in Sources */ = {isa = PBXBuildFile; fileRef = 0428C4581D003F42001F9D6F /* UIImage+GIF.m */; };
		0428C46B1D003F42001F9D6F /* UIImage+MultiFormat.m in Sources */ = {isa = PBXBuildFile; fileRef = 0428C45A1D003F42001F9D6F /* UIImage+MultiFormat.m */; };
		0428C46C1D003F42001F9D6F /* UIImageView+HighlightedWebCache.m in Sources */ = {isa = PBXBuildFile; fileRef = 0428C45C1D003F42001F9D6F /* UIImageView+HighlightedWebCache.m */; };
		0428C46D1D003F42001F9D6F /* UIImageView+WebCache.m in Sources */ = {isa = PBXBuildFile; fileRef = 0428C45E1D003F42001F9D6F /* UIImageView+WebCache.m */; };
		0428C46E1D003F42001F9D6F /* UIView+WebCacheOperation.m in Sources */ = {isa = PBXBuildFile; fileRef = 0428C4601D003F42001F9D6F /* UIView+WebCacheOperation.m */; };
		0428C4721D00454C001F9D6F /* UIView+Helpers.m in Sources */ = {isa = PBXBuildFile; fileRef = 0428C4711D00454C001F9D6F /* UIView+Helpers.m */; };
		0428C4741D011149001F9D6F /* loading@2x.png in Resources */ = {isa = PBXBuildFile; fileRef = 0428C4731D011149001F9D6F /* loading@2x.png */; };
		0428C47D1D011BC3001F9D6F /* HDPhotoGroupCell.m in Sources */ = {isa = PBXBuildFile; fileRef = 0428C47A1D011BC3001F9D6F /* HDPhotoGroupCell.m */; };
		0428C47E1D011BC3001F9D6F /* HDPhotoGroupView.m in Sources */ = {isa = PBXBuildFile; fileRef = 0428C47C1D011BC3001F9D6F /* HDPhotoGroupView.m */; };
		04544FB31D0E869F00D02AD0 /* HDLogServiceViewController.m in Sources */ = {isa = PBXBuildFile; fileRef = 04544FB21D0E869F00D02AD0 /* HDLogServiceViewController.m */; };
		04544FB91D0EA3F900D02AD0 /* HDSystemLogMessage.m in Sources */ = {isa = PBXBuildFile; fileRef = 04544FB81D0EA3F900D02AD0 /* HDSystemLogMessage.m */; };
		04544FC01D1129E700D02AD0 /* HDBaseNavigationController.m in Sources */ = {isa = PBXBuildFile; fileRef = 04544FBF1D1129E700D02AD0 /* HDBaseNavigationController.m */; };
		046B87EB1D0D23C80087D99C /* HDPulldownPhotoViewController.m in Sources */ = {isa = PBXBuildFile; fileRef = 046B87EA1D0D23C80087D99C /* HDPulldownPhotoViewController.m */; };
		046B87EE1D0D23D90087D99C /* HDTouchControlView.m in Sources */ = {isa = PBXBuildFile; fileRef = 046B87ED1D0D23D90087D99C /* HDTouchControlView.m */; };
		046B87F11D0D24000087D99C /* HDPhotoViewController.m in Sources */ = {isa = PBXBuildFile; fileRef = 046B87F01D0D24000087D99C /* HDPhotoViewController.m */; };
		046B87F81D0D258D0087D99C /* 123.jpg in Resources */ = {isa = PBXBuildFile; fileRef = 046B87F61D0D258D0087D99C /* 123.jpg */; };
		046B87F91D0D258D0087D99C /* 222.png in Resources */ = {isa = PBXBuildFile; fileRef = 046B87F71D0D258D0087D99C /* 222.png */; };
		049DC0E51CD0527C0021599C /* main.m in Sources */ = {isa = PBXBuildFile; fileRef = 049DC0E41CD0527C0021599C /* main.m */; };
		049DC0E81CD0527C0021599C /* AppDelegate.m in Sources */ = {isa = PBXBuildFile; fileRef = 049DC0E71CD0527C0021599C /* AppDelegate.m */; };
		049DC0EB1CD0527C0021599C /* ViewController.m in Sources */ = {isa = PBXBuildFile; fileRef = 049DC0EA1CD0527C0021599C /* ViewController.m */; };
		049DC0EE1CD0527C0021599C /* Main.storyboard in Resources */ = {isa = PBXBuildFile; fileRef = 049DC0EC1CD0527C0021599C /* Main.storyboard */; };
		049DC0F31CD0527C0021599C /* LaunchScreen.storyboard in Resources */ = {isa = PBXBuildFile; fileRef = 049DC0F11CD0527C0021599C /* LaunchScreen.storyboard */; };
		04BD82A21CE96AD900943C42 /* HDMessageWaysViewController.m in Sources */ = {isa = PBXBuildFile; fileRef = 04BD82A11CE96AD900943C42 /* HDMessageWaysViewController.m */; };
		04BD82A51CE96B4D00943C42 /* NSObject+Messages.m in Sources */ = {isa = PBXBuildFile; fileRef = 04BD82A41CE96B4D00943C42 /* NSObject+Messages.m */; };
		32C23849EA2DA46D0B68DB0B /* Pods_HDMasterProject.framework in Frameworks */ = {isa = PBXBuildFile; fileRef = 29F8C3C00F5FE8E00226E67E /* Pods_HDMasterProject.framework */; };
		D93FC37C1ECD8946009A7C3C /* HDGCDTestVC.m in Sources */ = {isa = PBXBuildFile; fileRef = D93FC37B1ECD8946009A7C3C /* HDGCDTestVC.m */; };
		D94800D41D12F34100CCEE75 /* HDSubProjectOne.framework in Frameworks */ = {isa = PBXBuildFile; fileRef = 049DC1441CD069170021599C /* HDSubProjectOne.framework */; };
		D94800D61D12F34400CCEE75 /* HDSubProjectTwo.framework in Frameworks */ = {isa = PBXBuildFile; fileRef = 049DC14A1CD0691B0021599C /* HDSubProjectTwo.framework */; };
		D94F0C391EA87E0100697923 /* libsqlite3.0.tbd in Frameworks */ = {isa = PBXBuildFile; fileRef = D97914E21EA740D8008A8EEA /* libsqlite3.0.tbd */; };
		D94F0C3A1EA87E0600697923 /* libstdc++.6.0.9.tbd in Frameworks */ = {isa = PBXBuildFile; fileRef = D97914E61EA740E8008A8EEA /* libstdc++.6.0.9.tbd */; };
		D94F0DAB1EA8C2A500697923 /* CoreTelephony.framework in Frameworks */ = {isa = PBXBuildFile; fileRef = D97914E41EA740DE008A8EEA /* CoreTelephony.framework */; };
		D94F0DC81EA8CD7000697923 /* CFNetwork.framework in Frameworks */ = {isa = PBXBuildFile; fileRef = D94F0DC71EA8CD7000697923 /* CFNetwork.framework */; };
		D95615AD2060B11000072A3A /* HDBarChartsViewController.m in Sources */ = {isa = PBXBuildFile; fileRef = D95615AC2060B11000072A3A /* HDBarChartsViewController.m */; };
		D95615B02060B4BD00072A3A /* HDBarChartsView.m in Sources */ = {isa = PBXBuildFile; fileRef = D95615AF2060B4BD00072A3A /* HDBarChartsView.m */; };
		D95615B42060EF2000072A3A /* HDBarChartsElementManager.m in Sources */ = {isa = PBXBuildFile; fileRef = D95615B32060EF2000072A3A /* HDBarChartsElementManager.m */; };
		D95615B920624BD700072A3A /* HDBarChartsModel.m in Sources */ = {isa = PBXBuildFile; fileRef = D95615B820624BD700072A3A /* HDBarChartsModel.m */; };
		D964E3EA208DD1A600197A98 /* HDCategoryDemo.m in Sources */ = {isa = PBXBuildFile; fileRef = D964E3E9208DD1A600197A98 /* HDCategoryDemo.m */; };
		D964E3ED208DD1B400197A98 /* HDCategory.m in Sources */ = {isa = PBXBuildFile; fileRef = D964E3EC208DD1B400197A98 /* HDCategory.m */; };
		D964E42E208DE00D00197A98 /* HDCategory+One.m in Sources */ = {isa = PBXBuildFile; fileRef = D964E3EF208DD1E800197A98 /* HDCategory+One.m */; };
		D964E42F208DE00D00197A98 /* HDCategory+Two.m in Sources */ = {isa = PBXBuildFile; fileRef = D964E3F2208DD1F100197A98 /* HDCategory+Two.m */; };
		D96607C2201726EE00E7B989 /* HDWeakArrayVC.m in Sources */ = {isa = PBXBuildFile; fileRef = D96607C1201726EE00E7B989 /* HDWeakArrayVC.m */; };
		D96607C52017273A00E7B989 /* HDDelegateTaget.m in Sources */ = {isa = PBXBuildFile; fileRef = D96607C42017273A00E7B989 /* HDDelegateTaget.m */; };
		D9716429208D6BAC005B4F4F /* HDDelegateDemo.m in Sources */ = {isa = PBXBuildFile; fileRef = D9716428208D6BAC005B4F4F /* HDDelegateDemo.m */; };
		D971642C208D6BBF005B4F4F /* HDDelegateObject1.m in Sources */ = {isa = PBXBuildFile; fileRef = D971642B208D6BBF005B4F4F /* HDDelegateObject1.m */; };
		D971642F208D6BC9005B4F4F /* HDDelegateObject2.m in Sources */ = {isa = PBXBuildFile; fileRef = D971642E208D6BC9005B4F4F /* HDDelegateObject2.m */; };
		D97914D71EA7408B008A8EEA /* CoreLocation.framework in Frameworks */ = {isa = PBXBuildFile; fileRef = D97914D61EA7408B008A8EEA /* CoreLocation.framework */; };
		D97914D91EA74093008A8EEA /* QuartzCore.framework in Frameworks */ = {isa = PBXBuildFile; fileRef = D97914D81EA74093008A8EEA /* QuartzCore.framework */; };
		D97914DB1EA7409C008A8EEA /* OpenGLES.framework in Frameworks */ = {isa = PBXBuildFile; fileRef = D97914DA1EA7409C008A8EEA /* OpenGLES.framework */; };
		D97914DD1EA740A3008A8EEA /* SystemConfiguration.framework in Frameworks */ = {isa = PBXBuildFile; fileRef = D97914DC1EA740A3008A8EEA /* SystemConfiguration.framework */; };
		D97914DF1EA740AC008A8EEA /* CoreGraphics.framework in Frameworks */ = {isa = PBXBuildFile; fileRef = D97914DE1EA740AC008A8EEA /* CoreGraphics.framework */; };
		D97914E11EA740C4008A8EEA /* Security.framework in Frameworks */ = {isa = PBXBuildFile; fileRef = D97914E01EA740C4008A8EEA /* Security.framework */; };
		D97AE1291E948542009534D2 /* HDTextToImageVC.m in Sources */ = {isa = PBXBuildFile; fileRef = D97AE1281E948542009534D2 /* HDTextToImageVC.m */; };
		D97C97EA1E9B387500DDA9D0 /* UINavigationBar+Awesome.m in Sources */ = {isa = PBXBuildFile; fileRef = D97C97E91E9B387500DDA9D0 /* UINavigationBar+Awesome.m */; };
		D97C981A1E9B4F3200DDA9D0 /* AllAroundPullView.m in Sources */ = {isa = PBXBuildFile; fileRef = D97C98191E9B4F3200DDA9D0 /* AllAroundPullView.m */; };
		D97C981D1E9B4FC400DDA9D0 /* fdd_logo_refresh@2x.png in Resources */ = {isa = PBXBuildFile; fileRef = D97C981B1E9B4FC400DDA9D0 /* fdd_logo_refresh@2x.png */; };
		D97C981E1E9B4FC400DDA9D0 /* fdd_logo_refresh@3x.png in Resources */ = {isa = PBXBuildFile; fileRef = D97C981C1E9B4FC400DDA9D0 /* fdd_logo_refresh@3x.png */; };
		D97C98211E9B5B6700DDA9D0 /* NHSelectBar.m in Sources */ = {isa = PBXBuildFile; fileRef = D97C98201E9B5B6700DDA9D0 /* NHSelectBar.m */; };
		D97C98231E9B778800DDA9D0 /* 2222.jpg in Resources */ = {isa = PBXBuildFile; fileRef = D97C98221E9B778800DDA9D0 /* 2222.jpg */; };
		D9841E1F2063951700B7E139 /* HDEyeViewDemo.m in Sources */ = {isa = PBXBuildFile; fileRef = D9841E1E2063951700B7E139 /* HDEyeViewDemo.m */; };
		D9841E222063954000B7E139 /* HDEyeView.m in Sources */ = {isa = PBXBuildFile; fileRef = D9841E212063954000B7E139 /* HDEyeView.m */; };
		D9841E2820639E7400B7E139 /* HDEyeAnimateView.m in Sources */ = {isa = PBXBuildFile; fileRef = D9841E2720639E7400B7E139 /* HDEyeAnimateView.m */; };
		D9841E2A20639F2700B7E139 /* icon_sight_capture_mask@2x.png in Resources */ = {isa = PBXBuildFile; fileRef = D9841E2920639F2700B7E139 /* icon_sight_capture_mask@2x.png */; };
		D9841E2D2063A5F400B7E139 /* HDEyeCoverView.m in Sources */ = {isa = PBXBuildFile; fileRef = D9841E2C2063A5F400B7E139 /* HDEyeCoverView.m */; };
		D9841E312063B9B000B7E139 /* logo@2x.png in Resources */ = {isa = PBXBuildFile; fileRef = D9841E302063B9B000B7E139 /* logo@2x.png */; };
		D9841E332063BE6700B7E139 /* eye@2x.png in Resources */ = {isa = PBXBuildFile; fileRef = D9841E322063BE6700B7E139 /* eye@2x.png */; };
		D98C3A001FFB58060082E14E /* UIDocumentViewController.m in Sources */ = {isa = PBXBuildFile; fileRef = D98C39FF1FFB58060082E14E /* UIDocumentViewController.m */; };
		D98C3A021FFB58FB0082E14E /* iOSAppReverseEngineering.pdf in Resources */ = {isa = PBXBuildFile; fileRef = D98C3A011FFB58FB0082E14E /* iOSAppReverseEngineering.pdf */; };
		D98C3A041FFB5A350082E14E /* QuickLook.framework in Frameworks */ = {isa = PBXBuildFile; fileRef = D98C3A031FFB5A350082E14E /* QuickLook.framework */; };
		D9ACA6891EA86732009A9219 /* HDSubProjectOne.framework in Frameworks */ = {isa = PBXBuildFile; fileRef = 049DC1441CD069170021599C /* HDSubProjectOne.framework */; };
		D9ACA68A1EA86732009A9219 /* HDSubProjectOne.framework in Embed Frameworks */ = {isa = PBXBuildFile; fileRef = 049DC1441CD069170021599C /* HDSubProjectOne.framework */; settings = {ATTRIBUTES = (CodeSignOnCopy, RemoveHeadersOnCopy, ); }; };
		D9ACA68D1EA86732009A9219 /* HDSubProjectTwo.framework in Frameworks */ = {isa = PBXBuildFile; fileRef = 049DC14A1CD0691B0021599C /* HDSubProjectTwo.framework */; };
		D9ACA68E1EA86732009A9219 /* HDSubProjectTwo.framework in Embed Frameworks */ = {isa = PBXBuildFile; fileRef = 049DC14A1CD0691B0021599C /* HDSubProjectTwo.framework */; settings = {ATTRIBUTES = (CodeSignOnCopy, RemoveHeadersOnCopy, ); }; };
		D9B7D90E2071D91900D64580 /* MideaAlertController.m in Sources */ = {isa = PBXBuildFile; fileRef = D9B7D90C2071D91800D64580 /* MideaAlertController.m */; };
		D9B7D9112071DE1200D64580 /* HDAlertViewController.m in Sources */ = {isa = PBXBuildFile; fileRef = D9B7D9102071DE1200D64580 /* HDAlertViewController.m */; };
		D9C64E951EF8ED28005194D7 /* HDSortVC.m in Sources */ = {isa = PBXBuildFile; fileRef = D9C64E941EF8ED28005194D7 /* HDSortVC.m */; };
		D9CB73D11E973F1B000968FA /* HDInvertedImageVC.m in Sources */ = {isa = PBXBuildFile; fileRef = D9CB73D01E973F1B000968FA /* HDInvertedImageVC.m */; };
		D9CB73F31E978BC2000968FA /* 3333.jpg in Resources */ = {isa = PBXBuildFile; fileRef = D9CB73F21E978BC2000968FA /* 3333.jpg */; };
		D9CB73F51E978D3A000968FA /* 3333@2x.png in Resources */ = {isa = PBXBuildFile; fileRef = D9CB73F41E978D3A000968FA /* 3333@2x.png */; };
		D9CB74001E979CB2000968FA /* 4444@2x.png in Resources */ = {isa = PBXBuildFile; fileRef = D9CB73FF1E979CB2000968FA /* 4444@2x.png */; };
		D9E570081E8A331000C6C130 /* HDIMDemoVC.m in Sources */ = {isa = PBXBuildFile; fileRef = D9E570071E8A331000C6C130 /* HDIMDemoVC.m */; };
		D9E570101E8A3CCD00C6C130 /* HDIMDemoVC.xib in Resources */ = {isa = PBXBuildFile; fileRef = D9E5700F1E8A3CCD00C6C130 /* HDIMDemoVC.xib */; };
		D9E570141E8A7B5B00C6C130 /* MessageBubble_Sender@2x.png in Resources */ = {isa = PBXBuildFile; fileRef = D9E570131E8A7B5B00C6C130 /* MessageBubble_Sender@2x.png */; };
		D9E5701A1E8A7B8C00C6C130 /* HDMaskLayerVC.m in Sources */ = {isa = PBXBuildFile; fileRef = D9E570191E8A7B8C00C6C130 /* HDMaskLayerVC.m */; };
		D9EC73BA1E8B727800C92320 /* MessageBubble_Reviceder@2x.png in Resources */ = {isa = PBXBuildFile; fileRef = D9EC73B91E8B727800C92320 /* MessageBubble_Reviceder@2x.png */; };
		D9EC73CB1E8B7B8600C92320 /* NSObject+LCCKHUD.m in Sources */ = {isa = PBXBuildFile; fileRef = D9EC73CA1E8B7B8600C92320 /* NSObject+LCCKHUD.m */; };
		D9EC73CE1E8B803700C92320 /* LCCKUser.m in Sources */ = {isa = PBXBuildFile; fileRef = D9EC73CD1E8B803700C92320 /* LCCKUser.m */; };
		D9EC73D11E8B8D7D00C92320 /* HDIMListVC.m in Sources */ = {isa = PBXBuildFile; fileRef = D9EC73D01E8B8D7D00C92320 /* HDIMListVC.m */; };
/* End PBXBuildFile section */

/* Begin PBXContainerItemProxy section */
		049DC1431CD069170021599C /* PBXContainerItemProxy */ = {
			isa = PBXContainerItemProxy;
			containerPortal = 049DC13F1CD069170021599C /* HDSubProjectOne.xcodeproj */;
			proxyType = 2;
			remoteGlobalIDString = 049DC1041CD052B70021599C;
			remoteInfo = HDSubProjectOne;
		};
		049DC1491CD0691B0021599C /* PBXContainerItemProxy */ = {
			isa = PBXContainerItemProxy;
			containerPortal = 049DC1451CD0691B0021599C /* HDSubProjectTwo.xcodeproj */;
			proxyType = 2;
			remoteGlobalIDString = 049DC1191CD052CB0021599C;
			remoteInfo = HDSubProjectTwo;
		};
		D9ACA68B1EA86732009A9219 /* PBXContainerItemProxy */ = {
			isa = PBXContainerItemProxy;
			containerPortal = 049DC13F1CD069170021599C /* HDSubProjectOne.xcodeproj */;
			proxyType = 1;
			remoteGlobalIDString = 049DC1031CD052B70021599C;
			remoteInfo = HDSubProjectOne;
		};
		D9ACA68F1EA86732009A9219 /* PBXContainerItemProxy */ = {
			isa = PBXContainerItemProxy;
			containerPortal = 049DC1451CD0691B0021599C /* HDSubProjectTwo.xcodeproj */;
			proxyType = 1;
			remoteGlobalIDString = 049DC1181CD052CB0021599C;
			remoteInfo = HDSubProjectTwo;
		};
/* End PBXContainerItemProxy section */

/* Begin PBXCopyFilesBuildPhase section */
		D9ACA6911EA86732009A9219 /* Embed Frameworks */ = {
			isa = PBXCopyFilesBuildPhase;
			buildActionMask = 2147483647;
			dstPath = "";
			dstSubfolderSpec = 10;
			files = (
				D9ACA68E1EA86732009A9219 /* HDSubProjectTwo.framework in Embed Frameworks */,
				D9ACA68A1EA86732009A9219 /* HDSubProjectOne.framework in Embed Frameworks */,
			);
			name = "Embed Frameworks";
			runOnlyForDeploymentPostprocessing = 0;
		};
/* End PBXCopyFilesBuildPhase section */

/* Begin PBXFileReference section */
		04204B951D0677530069A9FE /* JSPatch.framework */ = {isa = PBXFileReference; lastKnownFileType = wrapper.framework; path = JSPatch.framework; sourceTree = "<group>"; };
		04204B971D06780C0069A9FE /* JavaScriptCore.framework */ = {isa = PBXFileReference; lastKnownFileType = wrapper.framework; name = JavaScriptCore.framework; path = System/Library/Frameworks/JavaScriptCore.framework; sourceTree = SDKROOT; };
		04204B991D0678120069A9FE /* libz.tbd */ = {isa = PBXFileReference; lastKnownFileType = "sourcecode.text-based-dylib-definition"; name = libz.tbd; path = usr/lib/libz.tbd; sourceTree = SDKROOT; };
		0428C4131CFD8BAC001F9D6F /* HDProxyDemoViewController.h */ = {isa = PBXFileReference; fileEncoding = 4; lastKnownFileType = sourcecode.c.h; path = HDProxyDemoViewController.h; sourceTree = "<group>"; };
		0428C4141CFD8BAC001F9D6F /* HDProxyDemoViewController.m */ = {isa = PBXFileReference; fileEncoding = 4; lastKnownFileType = sourcecode.c.objc; path = HDProxyDemoViewController.m; sourceTree = "<group>"; };
		0428C4161CFD8C43001F9D6F /* HDProxy.h */ = {isa = PBXFileReference; fileEncoding = 4; lastKnownFileType = sourcecode.c.h; path = HDProxy.h; sourceTree = "<group>"; };
		0428C4171CFD8C43001F9D6F /* HDProxy.m */ = {isa = PBXFileReference; fileEncoding = 4; lastKnownFileType = sourcecode.c.objc; path = HDProxy.m; sourceTree = "<group>"; };
		0428C4191CFD8C5E001F9D6F /* HDProxyModel.h */ = {isa = PBXFileReference; fileEncoding = 4; lastKnownFileType = sourcecode.c.h; path = HDProxyModel.h; sourceTree = "<group>"; };
		0428C41A1CFD8C5E001F9D6F /* HDProxyModel.m */ = {isa = PBXFileReference; fileEncoding = 4; lastKnownFileType = sourcecode.c.objc; path = HDProxyModel.m; sourceTree = "<group>"; };
		0428C41C1CFDA425001F9D6F /* HDAnimal.h */ = {isa = PBXFileReference; lastKnownFileType = sourcecode.c.h; path = HDAnimal.h; sourceTree = "<group>"; };
		0428C41D1CFDA445001F9D6F /* HDDog.h */ = {isa = PBXFileReference; fileEncoding = 4; lastKnownFileType = sourcecode.c.h; path = HDDog.h; sourceTree = "<group>"; };
		0428C41E1CFDA445001F9D6F /* HDDog.m */ = {isa = PBXFileReference; fileEncoding = 4; lastKnownFileType = sourcecode.c.objc; path = HDDog.m; sourceTree = "<group>"; };
		0428C4201CFDA498001F9D6F /* HDCat.h */ = {isa = PBXFileReference; fileEncoding = 4; lastKnownFileType = sourcecode.c.h; path = HDCat.h; sourceTree = "<group>"; };
		0428C4211CFDA498001F9D6F /* HDCat.m */ = {isa = PBXFileReference; fileEncoding = 4; lastKnownFileType = sourcecode.c.objc; path = HDCat.m; sourceTree = "<group>"; };
		0428C4251CFDA4F7001F9D6F /* HDAnimalProxy.h */ = {isa = PBXFileReference; fileEncoding = 4; lastKnownFileType = sourcecode.c.h; path = HDAnimalProxy.h; sourceTree = "<group>"; };
		0428C4261CFDA4F7001F9D6F /* HDAnimalProxy.m */ = {isa = PBXFileReference; fileEncoding = 4; lastKnownFileType = sourcecode.c.objc; path = HDAnimalProxy.m; sourceTree = "<group>"; };
		0428C4331D002E7F001F9D6F /* HDFriendCycleViewController.h */ = {isa = PBXFileReference; fileEncoding = 4; lastKnownFileType = sourcecode.c.h; path = HDFriendCycleViewController.h; sourceTree = "<group>"; };
		0428C4341D002E7F001F9D6F /* HDFriendCycleViewController.m */ = {isa = PBXFileReference; fileEncoding = 4; lastKnownFileType = sourcecode.c.objc; path = HDFriendCycleViewController.m; sourceTree = "<group>"; };
		0428C4361D002EA3001F9D6F /* HDFriendCycleModel.h */ = {isa = PBXFileReference; fileEncoding = 4; lastKnownFileType = sourcecode.c.h; path = HDFriendCycleModel.h; sourceTree = "<group>"; };
		0428C4371D002EA3001F9D6F /* HDFriendCycleModel.m */ = {isa = PBXFileReference; fileEncoding = 4; lastKnownFileType = sourcecode.c.objc; path = HDFriendCycleModel.m; sourceTree = "<group>"; };
		0428C4391D0035A4001F9D6F /* PrefixHeader.pch */ = {isa = PBXFileReference; lastKnownFileType = sourcecode.c.h; name = PrefixHeader.pch; path = HDMasterProject/PrefixHeader.pch; sourceTree = SOURCE_ROOT; };
		0428C43C1D003E80001F9D6F /* HDFriendCycleTableViewCell.h */ = {isa = PBXFileReference; fileEncoding = 4; lastKnownFileType = sourcecode.c.h; path = HDFriendCycleTableViewCell.h; sourceTree = "<group>"; };
		0428C43D1D003E80001F9D6F /* HDFriendCycleTableViewCell.m */ = {isa = PBXFileReference; fileEncoding = 4; lastKnownFileType = sourcecode.c.objc; path = HDFriendCycleTableViewCell.m; sourceTree = "<group>"; };
		0428C43F1D003EA8001F9D6F /* HDDynamicImageView.h */ = {isa = PBXFileReference; fileEncoding = 4; lastKnownFileType = sourcecode.c.h; path = HDDynamicImageView.h; sourceTree = "<group>"; };
		0428C4401D003EA8001F9D6F /* HDDynamicImageView.m */ = {isa = PBXFileReference; fileEncoding = 4; lastKnownFileType = sourcecode.c.objc; path = HDDynamicImageView.m; sourceTree = "<group>"; };
		0428C4441D003F42001F9D6F /* NSData+ImageContentType.h */ = {isa = PBXFileReference; fileEncoding = 4; lastKnownFileType = sourcecode.c.h; path = "NSData+ImageContentType.h"; sourceTree = "<group>"; };
		0428C4451D003F42001F9D6F /* NSData+ImageContentType.m */ = {isa = PBXFileReference; fileEncoding = 4; lastKnownFileType = sourcecode.c.objc; path = "NSData+ImageContentType.m"; sourceTree = "<group>"; };
		0428C4461D003F42001F9D6F /* SDImageCache.h */ = {isa = PBXFileReference; fileEncoding = 4; lastKnownFileType = sourcecode.c.h; path = SDImageCache.h; sourceTree = "<group>"; };
		0428C4471D003F42001F9D6F /* SDImageCache.m */ = {isa = PBXFileReference; fileEncoding = 4; lastKnownFileType = sourcecode.c.objc; path = SDImageCache.m; sourceTree = "<group>"; };
		0428C4481D003F42001F9D6F /* SDWebImageCompat.h */ = {isa = PBXFileReference; fileEncoding = 4; lastKnownFileType = sourcecode.c.h; path = SDWebImageCompat.h; sourceTree = "<group>"; };
		0428C4491D003F42001F9D6F /* SDWebImageCompat.m */ = {isa = PBXFileReference; fileEncoding = 4; lastKnownFileType = sourcecode.c.objc; path = SDWebImageCompat.m; sourceTree = "<group>"; };
		0428C44A1D003F42001F9D6F /* SDWebImageDecoder.h */ = {isa = PBXFileReference; fileEncoding = 4; lastKnownFileType = sourcecode.c.h; path = SDWebImageDecoder.h; sourceTree = "<group>"; };
		0428C44B1D003F42001F9D6F /* SDWebImageDecoder.m */ = {isa = PBXFileReference; fileEncoding = 4; lastKnownFileType = sourcecode.c.objc; path = SDWebImageDecoder.m; sourceTree = "<group>"; };
		0428C44C1D003F42001F9D6F /* SDWebImageDownloader.h */ = {isa = PBXFileReference; fileEncoding = 4; lastKnownFileType = sourcecode.c.h; path = SDWebImageDownloader.h; sourceTree = "<group>"; };
		0428C44D1D003F42001F9D6F /* SDWebImageDownloader.m */ = {isa = PBXFileReference; fileEncoding = 4; lastKnownFileType = sourcecode.c.objc; path = SDWebImageDownloader.m; sourceTree = "<group>"; };
		0428C44E1D003F42001F9D6F /* SDWebImageDownloaderOperation.h */ = {isa = PBXFileReference; fileEncoding = 4; lastKnownFileType = sourcecode.c.h; path = SDWebImageDownloaderOperation.h; sourceTree = "<group>"; };
		0428C44F1D003F42001F9D6F /* SDWebImageDownloaderOperation.m */ = {isa = PBXFileReference; fileEncoding = 4; lastKnownFileType = sourcecode.c.objc; path = SDWebImageDownloaderOperation.m; sourceTree = "<group>"; };
		0428C4501D003F42001F9D6F /* SDWebImageManager.h */ = {isa = PBXFileReference; fileEncoding = 4; lastKnownFileType = sourcecode.c.h; path = SDWebImageManager.h; sourceTree = "<group>"; };
		0428C4511D003F42001F9D6F /* SDWebImageManager.m */ = {isa = PBXFileReference; fileEncoding = 4; lastKnownFileType = sourcecode.c.objc; path = SDWebImageManager.m; sourceTree = "<group>"; };
		0428C4521D003F42001F9D6F /* SDWebImageOperation.h */ = {isa = PBXFileReference; fileEncoding = 4; lastKnownFileType = sourcecode.c.h; path = SDWebImageOperation.h; sourceTree = "<group>"; };
		0428C4531D003F42001F9D6F /* SDWebImagePrefetcher.h */ = {isa = PBXFileReference; fileEncoding = 4; lastKnownFileType = sourcecode.c.h; path = SDWebImagePrefetcher.h; sourceTree = "<group>"; };
		0428C4541D003F42001F9D6F /* SDWebImagePrefetcher.m */ = {isa = PBXFileReference; fileEncoding = 4; lastKnownFileType = sourcecode.c.objc; path = SDWebImagePrefetcher.m; sourceTree = "<group>"; };
		0428C4551D003F42001F9D6F /* UIButton+WebCache.h */ = {isa = PBXFileReference; fileEncoding = 4; lastKnownFileType = sourcecode.c.h; path = "UIButton+WebCache.h"; sourceTree = "<group>"; };
		0428C4561D003F42001F9D6F /* UIButton+WebCache.m */ = {isa = PBXFileReference; fileEncoding = 4; lastKnownFileType = sourcecode.c.objc; path = "UIButton+WebCache.m"; sourceTree = "<group>"; };
		0428C4571D003F42001F9D6F /* UIImage+GIF.h */ = {isa = PBXFileReference; fileEncoding = 4; lastKnownFileType = sourcecode.c.h; path = "UIImage+GIF.h"; sourceTree = "<group>"; };
		0428C4581D003F42001F9D6F /* UIImage+GIF.m */ = {isa = PBXFileReference; fileEncoding = 4; lastKnownFileType = sourcecode.c.objc; path = "UIImage+GIF.m"; sourceTree = "<group>"; };
		0428C4591D003F42001F9D6F /* UIImage+MultiFormat.h */ = {isa = PBXFileReference; fileEncoding = 4; lastKnownFileType = sourcecode.c.h; path = "UIImage+MultiFormat.h"; sourceTree = "<group>"; };
		0428C45A1D003F42001F9D6F /* UIImage+MultiFormat.m */ = {isa = PBXFileReference; fileEncoding = 4; lastKnownFileType = sourcecode.c.objc; path = "UIImage+MultiFormat.m"; sourceTree = "<group>"; };
		0428C45B1D003F42001F9D6F /* UIImageView+HighlightedWebCache.h */ = {isa = PBXFileReference; fileEncoding = 4; lastKnownFileType = sourcecode.c.h; path = "UIImageView+HighlightedWebCache.h"; sourceTree = "<group>"; };
		0428C45C1D003F42001F9D6F /* UIImageView+HighlightedWebCache.m */ = {isa = PBXFileReference; fileEncoding = 4; lastKnownFileType = sourcecode.c.objc; path = "UIImageView+HighlightedWebCache.m"; sourceTree = "<group>"; };
		0428C45D1D003F42001F9D6F /* UIImageView+WebCache.h */ = {isa = PBXFileReference; fileEncoding = 4; lastKnownFileType = sourcecode.c.h; path = "UIImageView+WebCache.h"; sourceTree = "<group>"; };
		0428C45E1D003F42001F9D6F /* UIImageView+WebCache.m */ = {isa = PBXFileReference; fileEncoding = 4; lastKnownFileType = sourcecode.c.objc; path = "UIImageView+WebCache.m"; sourceTree = "<group>"; };
		0428C45F1D003F42001F9D6F /* UIView+WebCacheOperation.h */ = {isa = PBXFileReference; fileEncoding = 4; lastKnownFileType = sourcecode.c.h; path = "UIView+WebCacheOperation.h"; sourceTree = "<group>"; };
		0428C4601D003F42001F9D6F /* UIView+WebCacheOperation.m */ = {isa = PBXFileReference; fileEncoding = 4; lastKnownFileType = sourcecode.c.objc; path = "UIView+WebCacheOperation.m"; sourceTree = "<group>"; };
		0428C4701D00454C001F9D6F /* UIView+Helpers.h */ = {isa = PBXFileReference; fileEncoding = 4; lastKnownFileType = sourcecode.c.h; path = "UIView+Helpers.h"; sourceTree = "<group>"; };
		0428C4711D00454C001F9D6F /* UIView+Helpers.m */ = {isa = PBXFileReference; fileEncoding = 4; lastKnownFileType = sourcecode.c.objc; path = "UIView+Helpers.m"; sourceTree = "<group>"; };
		0428C4731D011149001F9D6F /* loading@2x.png */ = {isa = PBXFileReference; lastKnownFileType = image.png; path = "loading@2x.png"; sourceTree = "<group>"; };
		0428C4791D011BC3001F9D6F /* HDPhotoGroupCell.h */ = {isa = PBXFileReference; fileEncoding = 4; lastKnownFileType = sourcecode.c.h; path = HDPhotoGroupCell.h; sourceTree = "<group>"; };
		0428C47A1D011BC3001F9D6F /* HDPhotoGroupCell.m */ = {isa = PBXFileReference; fileEncoding = 4; lastKnownFileType = sourcecode.c.objc; path = HDPhotoGroupCell.m; sourceTree = "<group>"; };
		0428C47B1D011BC3001F9D6F /* HDPhotoGroupView.h */ = {isa = PBXFileReference; fileEncoding = 4; lastKnownFileType = sourcecode.c.h; path = HDPhotoGroupView.h; sourceTree = "<group>"; };
		0428C47C1D011BC3001F9D6F /* HDPhotoGroupView.m */ = {isa = PBXFileReference; fileEncoding = 4; lastKnownFileType = sourcecode.c.objc; path = HDPhotoGroupView.m; sourceTree = "<group>"; };
		04544FB11D0E869F00D02AD0 /* HDLogServiceViewController.h */ = {isa = PBXFileReference; fileEncoding = 4; lastKnownFileType = sourcecode.c.h; path = HDLogServiceViewController.h; sourceTree = "<group>"; };
		04544FB21D0E869F00D02AD0 /* HDLogServiceViewController.m */ = {isa = PBXFileReference; fileEncoding = 4; lastKnownFileType = sourcecode.c.objc; path = HDLogServiceViewController.m; sourceTree = "<group>"; };
		04544FB71D0EA3F900D02AD0 /* HDSystemLogMessage.h */ = {isa = PBXFileReference; fileEncoding = 4; lastKnownFileType = sourcecode.c.h; path = HDSystemLogMessage.h; sourceTree = "<group>"; };
		04544FB81D0EA3F900D02AD0 /* HDSystemLogMessage.m */ = {isa = PBXFileReference; fileEncoding = 4; lastKnownFileType = sourcecode.c.objc; path = HDSystemLogMessage.m; sourceTree = "<group>"; };
		04544FBE1D1129E700D02AD0 /* HDBaseNavigationController.h */ = {isa = PBXFileReference; fileEncoding = 4; lastKnownFileType = sourcecode.c.h; path = HDBaseNavigationController.h; sourceTree = "<group>"; };
		04544FBF1D1129E700D02AD0 /* HDBaseNavigationController.m */ = {isa = PBXFileReference; fileEncoding = 4; lastKnownFileType = sourcecode.c.objc; path = HDBaseNavigationController.m; sourceTree = "<group>"; };
		046B87E91D0D23C80087D99C /* HDPulldownPhotoViewController.h */ = {isa = PBXFileReference; fileEncoding = 4; lastKnownFileType = sourcecode.c.h; path = HDPulldownPhotoViewController.h; sourceTree = "<group>"; };
		046B87EA1D0D23C80087D99C /* HDPulldownPhotoViewController.m */ = {isa = PBXFileReference; fileEncoding = 4; lastKnownFileType = sourcecode.c.objc; path = HDPulldownPhotoViewController.m; sourceTree = "<group>"; };
		046B87EC1D0D23D90087D99C /* HDTouchControlView.h */ = {isa = PBXFileReference; fileEncoding = 4; lastKnownFileType = sourcecode.c.h; path = HDTouchControlView.h; sourceTree = "<group>"; };
		046B87ED1D0D23D90087D99C /* HDTouchControlView.m */ = {isa = PBXFileReference; fileEncoding = 4; lastKnownFileType = sourcecode.c.objc; path = HDTouchControlView.m; sourceTree = "<group>"; };
		046B87EF1D0D24000087D99C /* HDPhotoViewController.h */ = {isa = PBXFileReference; fileEncoding = 4; lastKnownFileType = sourcecode.c.h; path = HDPhotoViewController.h; sourceTree = "<group>"; };
		046B87F01D0D24000087D99C /* HDPhotoViewController.m */ = {isa = PBXFileReference; fileEncoding = 4; lastKnownFileType = sourcecode.c.objc; path = HDPhotoViewController.m; sourceTree = "<group>"; };
		046B87F61D0D258D0087D99C /* 123.jpg */ = {isa = PBXFileReference; lastKnownFileType = image.jpeg; path = 123.jpg; sourceTree = "<group>"; };
		046B87F71D0D258D0087D99C /* 222.png */ = {isa = PBXFileReference; lastKnownFileType = image.png; path = 222.png; sourceTree = "<group>"; };
		049DC0E01CD0527C0021599C /* HDMasterProject.app */ = {isa = PBXFileReference; explicitFileType = wrapper.application; includeInIndex = 0; path = HDMasterProject.app; sourceTree = BUILT_PRODUCTS_DIR; };
		049DC0E41CD0527C0021599C /* main.m */ = {isa = PBXFileReference; lastKnownFileType = sourcecode.c.objc; path = main.m; sourceTree = "<group>"; };
		049DC0E61CD0527C0021599C /* AppDelegate.h */ = {isa = PBXFileReference; lastKnownFileType = sourcecode.c.h; path = AppDelegate.h; sourceTree = "<group>"; };
		049DC0E71CD0527C0021599C /* AppDelegate.m */ = {isa = PBXFileReference; lastKnownFileType = sourcecode.c.objc; path = AppDelegate.m; sourceTree = "<group>"; };
		049DC0E91CD0527C0021599C /* ViewController.h */ = {isa = PBXFileReference; lastKnownFileType = sourcecode.c.h; path = ViewController.h; sourceTree = "<group>"; };
		049DC0EA1CD0527C0021599C /* ViewController.m */ = {isa = PBXFileReference; lastKnownFileType = sourcecode.c.objc; path = ViewController.m; sourceTree = "<group>"; };
		049DC0ED1CD0527C0021599C /* Base */ = {isa = PBXFileReference; lastKnownFileType = file.storyboard; name = Base; path = Base.lproj/Main.storyboard; sourceTree = "<group>"; };
		049DC0F21CD0527C0021599C /* Base */ = {isa = PBXFileReference; lastKnownFileType = file.storyboard; name = Base; path = Base.lproj/LaunchScreen.storyboard; sourceTree = "<group>"; };
		049DC0F41CD0527C0021599C /* Info.plist */ = {isa = PBXFileReference; lastKnownFileType = text.plist.xml; path = Info.plist; sourceTree = "<group>"; };
		049DC13F1CD069170021599C /* HDSubProjectOne.xcodeproj */ = {isa = PBXFileReference; lastKnownFileType = "wrapper.pb-project"; name = HDSubProjectOne.xcodeproj; path = HDSubProjectOne/HDSubProjectOne.xcodeproj; sourceTree = SOURCE_ROOT; };
		049DC1451CD0691B0021599C /* HDSubProjectTwo.xcodeproj */ = {isa = PBXFileReference; lastKnownFileType = "wrapper.pb-project"; name = HDSubProjectTwo.xcodeproj; path = HDSubProjectTwo/HDSubProjectTwo.xcodeproj; sourceTree = SOURCE_ROOT; };
		04BD82A01CE96AD900943C42 /* HDMessageWaysViewController.h */ = {isa = PBXFileReference; fileEncoding = 4; lastKnownFileType = sourcecode.c.h; path = HDMessageWaysViewController.h; sourceTree = "<group>"; };
		04BD82A11CE96AD900943C42 /* HDMessageWaysViewController.m */ = {isa = PBXFileReference; fileEncoding = 4; lastKnownFileType = sourcecode.c.objc; path = HDMessageWaysViewController.m; sourceTree = "<group>"; };
		04BD82A31CE96B4D00943C42 /* NSObject+Messages.h */ = {isa = PBXFileReference; fileEncoding = 4; lastKnownFileType = sourcecode.c.h; path = "NSObject+Messages.h"; sourceTree = "<group>"; };
		04BD82A41CE96B4D00943C42 /* NSObject+Messages.m */ = {isa = PBXFileReference; fileEncoding = 4; lastKnownFileType = sourcecode.c.objc; path = "NSObject+Messages.m"; sourceTree = "<group>"; };
		0DD9BCDA704485722CB79C99 /* Pods-HDMasterProject.release.xcconfig */ = {isa = PBXFileReference; includeInIndex = 1; lastKnownFileType = text.xcconfig; name = "Pods-HDMasterProject.release.xcconfig"; path = "Pods/Target Support Files/Pods-HDMasterProject/Pods-HDMasterProject.release.xcconfig"; sourceTree = "<group>"; };
		29F8C3C00F5FE8E00226E67E /* Pods_HDMasterProject.framework */ = {isa = PBXFileReference; explicitFileType = wrapper.framework; includeInIndex = 0; path = Pods_HDMasterProject.framework; sourceTree = BUILT_PRODUCTS_DIR; };
		B3594B95ABBAD787AB99AD68 /* Pods-HDMasterProject.debug.xcconfig */ = {isa = PBXFileReference; includeInIndex = 1; lastKnownFileType = text.xcconfig; name = "Pods-HDMasterProject.debug.xcconfig"; path = "Pods/Target Support Files/Pods-HDMasterProject/Pods-HDMasterProject.debug.xcconfig"; sourceTree = "<group>"; };
		D93FC37A1ECD8946009A7C3C /* HDGCDTestVC.h */ = {isa = PBXFileReference; fileEncoding = 4; lastKnownFileType = sourcecode.c.h; path = HDGCDTestVC.h; sourceTree = "<group>"; };
		D93FC37B1ECD8946009A7C3C /* HDGCDTestVC.m */ = {isa = PBXFileReference; fileEncoding = 4; lastKnownFileType = sourcecode.c.objc; path = HDGCDTestVC.m; sourceTree = "<group>"; };
		D94F0D9E1EA8C12F00697923 /* HDDemoDLib.framework */ = {isa = PBXFileReference; lastKnownFileType = wrapper.framework; name = HDDemoDLib.framework; path = "../../../Library/Developer/Xcode/DerivedData/HDMasterProject-dhzorybjxmjuvyfcfkuicxjaknew/Build/Products/Debug-iphoneos/HDDemoDLib/HDDemoDLib.framework"; sourceTree = "<group>"; };
		D94F0DC71EA8CD7000697923 /* CFNetwork.framework */ = {isa = PBXFileReference; lastKnownFileType = wrapper.framework; name = CFNetwork.framework; path = System/Library/Frameworks/CFNetwork.framework; sourceTree = SDKROOT; };
		D95615AB2060B11000072A3A /* HDBarChartsViewController.h */ = {isa = PBXFileReference; lastKnownFileType = sourcecode.c.h; path = HDBarChartsViewController.h; sourceTree = "<group>"; };
		D95615AC2060B11000072A3A /* HDBarChartsViewController.m */ = {isa = PBXFileReference; lastKnownFileType = sourcecode.c.objc; path = HDBarChartsViewController.m; sourceTree = "<group>"; };
		D95615AE2060B4BD00072A3A /* HDBarChartsView.h */ = {isa = PBXFileReference; lastKnownFileType = sourcecode.c.h; path = HDBarChartsView.h; sourceTree = "<group>"; };
		D95615AF2060B4BD00072A3A /* HDBarChartsView.m */ = {isa = PBXFileReference; lastKnownFileType = sourcecode.c.objc; path = HDBarChartsView.m; sourceTree = "<group>"; };
		D95615B22060EF2000072A3A /* HDBarChartsElementManager.h */ = {isa = PBXFileReference; lastKnownFileType = sourcecode.c.h; path = HDBarChartsElementManager.h; sourceTree = "<group>"; };
		D95615B32060EF2000072A3A /* HDBarChartsElementManager.m */ = {isa = PBXFileReference; lastKnownFileType = sourcecode.c.objc; path = HDBarChartsElementManager.m; sourceTree = "<group>"; };
		D95615B720624BD700072A3A /* HDBarChartsModel.h */ = {isa = PBXFileReference; lastKnownFileType = sourcecode.c.h; path = HDBarChartsModel.h; sourceTree = "<group>"; };
		D95615B820624BD700072A3A /* HDBarChartsModel.m */ = {isa = PBXFileReference; lastKnownFileType = sourcecode.c.objc; path = HDBarChartsModel.m; sourceTree = "<group>"; };
		D964E3E8208DD1A600197A98 /* HDCategoryDemo.h */ = {isa = PBXFileReference; lastKnownFileType = sourcecode.c.h; path = HDCategoryDemo.h; sourceTree = "<group>"; };
		D964E3E9208DD1A600197A98 /* HDCategoryDemo.m */ = {isa = PBXFileReference; lastKnownFileType = sourcecode.c.objc; path = HDCategoryDemo.m; sourceTree = "<group>"; };
		D964E3EB208DD1B400197A98 /* HDCategory.h */ = {isa = PBXFileReference; lastKnownFileType = sourcecode.c.h; path = HDCategory.h; sourceTree = "<group>"; };
		D964E3EC208DD1B400197A98 /* HDCategory.m */ = {isa = PBXFileReference; lastKnownFileType = sourcecode.c.objc; path = HDCategory.m; sourceTree = "<group>"; };
		D964E3EE208DD1E800197A98 /* HDCategory+One.h */ = {isa = PBXFileReference; lastKnownFileType = sourcecode.c.h; path = "HDCategory+One.h"; sourceTree = "<group>"; };
		D964E3EF208DD1E800197A98 /* HDCategory+One.m */ = {isa = PBXFileReference; lastKnownFileType = sourcecode.c.objc; path = "HDCategory+One.m"; sourceTree = "<group>"; };
		D964E3F1208DD1F100197A98 /* HDCategory+Two.h */ = {isa = PBXFileReference; lastKnownFileType = sourcecode.c.h; path = "HDCategory+Two.h"; sourceTree = "<group>"; };
		D964E3F2208DD1F100197A98 /* HDCategory+Two.m */ = {isa = PBXFileReference; lastKnownFileType = sourcecode.c.objc; path = "HDCategory+Two.m"; sourceTree = "<group>"; };
		D96607C0201726EE00E7B989 /* HDWeakArrayVC.h */ = {isa = PBXFileReference; lastKnownFileType = sourcecode.c.h; path = HDWeakArrayVC.h; sourceTree = "<group>"; };
		D96607C1201726EE00E7B989 /* HDWeakArrayVC.m */ = {isa = PBXFileReference; lastKnownFileType = sourcecode.c.objc; path = HDWeakArrayVC.m; sourceTree = "<group>"; };
		D96607C32017273A00E7B989 /* HDDelegateTaget.h */ = {isa = PBXFileReference; lastKnownFileType = sourcecode.c.h; path = HDDelegateTaget.h; sourceTree = "<group>"; };
		D96607C42017273A00E7B989 /* HDDelegateTaget.m */ = {isa = PBXFileReference; lastKnownFileType = sourcecode.c.objc; path = HDDelegateTaget.m; sourceTree = "<group>"; };
		D9716427208D6BAC005B4F4F /* HDDelegateDemo.h */ = {isa = PBXFileReference; lastKnownFileType = sourcecode.c.h; path = HDDelegateDemo.h; sourceTree = "<group>"; };
		D9716428208D6BAC005B4F4F /* HDDelegateDemo.m */ = {isa = PBXFileReference; lastKnownFileType = sourcecode.c.objc; path = HDDelegateDemo.m; sourceTree = "<group>"; };
		D971642A208D6BBF005B4F4F /* HDDelegateObject1.h */ = {isa = PBXFileReference; lastKnownFileType = sourcecode.c.h; path = HDDelegateObject1.h; sourceTree = "<group>"; };
		D971642B208D6BBF005B4F4F /* HDDelegateObject1.m */ = {isa = PBXFileReference; lastKnownFileType = sourcecode.c.objc; path = HDDelegateObject1.m; sourceTree = "<group>"; };
		D971642D208D6BC9005B4F4F /* HDDelegateObject2.h */ = {isa = PBXFileReference; lastKnownFileType = sourcecode.c.h; path = HDDelegateObject2.h; sourceTree = "<group>"; };
		D971642E208D6BC9005B4F4F /* HDDelegateObject2.m */ = {isa = PBXFileReference; lastKnownFileType = sourcecode.c.objc; path = HDDelegateObject2.m; sourceTree = "<group>"; };
		D9716430208D6F4E005B4F4F /* HDProtocol.h */ = {isa = PBXFileReference; lastKnownFileType = sourcecode.c.h; path = HDProtocol.h; sourceTree = "<group>"; };
		D97914D61EA7408B008A8EEA /* CoreLocation.framework */ = {isa = PBXFileReference; lastKnownFileType = wrapper.framework; name = CoreLocation.framework; path = System/Library/Frameworks/CoreLocation.framework; sourceTree = SDKROOT; };
		D97914D81EA74093008A8EEA /* QuartzCore.framework */ = {isa = PBXFileReference; lastKnownFileType = wrapper.framework; name = QuartzCore.framework; path = System/Library/Frameworks/QuartzCore.framework; sourceTree = SDKROOT; };
		D97914DA1EA7409C008A8EEA /* OpenGLES.framework */ = {isa = PBXFileReference; lastKnownFileType = wrapper.framework; name = OpenGLES.framework; path = System/Library/Frameworks/OpenGLES.framework; sourceTree = SDKROOT; };
		D97914DC1EA740A3008A8EEA /* SystemConfiguration.framework */ = {isa = PBXFileReference; lastKnownFileType = wrapper.framework; name = SystemConfiguration.framework; path = System/Library/Frameworks/SystemConfiguration.framework; sourceTree = SDKROOT; };
		D97914DE1EA740AC008A8EEA /* CoreGraphics.framework */ = {isa = PBXFileReference; lastKnownFileType = wrapper.framework; name = CoreGraphics.framework; path = System/Library/Frameworks/CoreGraphics.framework; sourceTree = SDKROOT; };
		D97914E01EA740C4008A8EEA /* Security.framework */ = {isa = PBXFileReference; lastKnownFileType = wrapper.framework; name = Security.framework; path = System/Library/Frameworks/Security.framework; sourceTree = SDKROOT; };
		D97914E21EA740D8008A8EEA /* libsqlite3.0.tbd */ = {isa = PBXFileReference; lastKnownFileType = "sourcecode.text-based-dylib-definition"; name = libsqlite3.0.tbd; path = usr/lib/libsqlite3.0.tbd; sourceTree = SDKROOT; };
		D97914E41EA740DE008A8EEA /* CoreTelephony.framework */ = {isa = PBXFileReference; lastKnownFileType = wrapper.framework; name = CoreTelephony.framework; path = System/Library/Frameworks/CoreTelephony.framework; sourceTree = SDKROOT; };
		D97914E61EA740E8008A8EEA /* libstdc++.6.0.9.tbd */ = {isa = PBXFileReference; lastKnownFileType = "sourcecode.text-based-dylib-definition"; name = "libstdc++.6.0.9.tbd"; path = "usr/lib/libstdc++.6.0.9.tbd"; sourceTree = SDKROOT; };
		D97AE1271E948542009534D2 /* HDTextToImageVC.h */ = {isa = PBXFileReference; fileEncoding = 4; lastKnownFileType = sourcecode.c.h; path = HDTextToImageVC.h; sourceTree = "<group>"; };
		D97AE1281E948542009534D2 /* HDTextToImageVC.m */ = {isa = PBXFileReference; fileEncoding = 4; lastKnownFileType = sourcecode.c.objc; path = HDTextToImageVC.m; sourceTree = "<group>"; };
		D97C97E81E9B387500DDA9D0 /* UINavigationBar+Awesome.h */ = {isa = PBXFileReference; fileEncoding = 4; lastKnownFileType = sourcecode.c.h; path = "UINavigationBar+Awesome.h"; sourceTree = "<group>"; };
		D97C97E91E9B387500DDA9D0 /* UINavigationBar+Awesome.m */ = {isa = PBXFileReference; fileEncoding = 4; lastKnownFileType = sourcecode.c.objc; path = "UINavigationBar+Awesome.m"; sourceTree = "<group>"; };
		D97C98181E9B4F3200DDA9D0 /* AllAroundPullView.h */ = {isa = PBXFileReference; fileEncoding = 4; lastKnownFileType = sourcecode.c.h; path = AllAroundPullView.h; sourceTree = "<group>"; };
		D97C98191E9B4F3200DDA9D0 /* AllAroundPullView.m */ = {isa = PBXFileReference; fileEncoding = 4; lastKnownFileType = sourcecode.c.objc; path = AllAroundPullView.m; sourceTree = "<group>"; };
		D97C981B1E9B4FC400DDA9D0 /* fdd_logo_refresh@2x.png */ = {isa = PBXFileReference; lastKnownFileType = image.png; path = "fdd_logo_refresh@2x.png"; sourceTree = "<group>"; };
		D97C981C1E9B4FC400DDA9D0 /* fdd_logo_refresh@3x.png */ = {isa = PBXFileReference; lastKnownFileType = image.png; path = "fdd_logo_refresh@3x.png"; sourceTree = "<group>"; };
		D97C981F1E9B5B6700DDA9D0 /* NHSelectBar.h */ = {isa = PBXFileReference; fileEncoding = 4; lastKnownFileType = sourcecode.c.h; path = NHSelectBar.h; sourceTree = "<group>"; };
		D97C98201E9B5B6700DDA9D0 /* NHSelectBar.m */ = {isa = PBXFileReference; fileEncoding = 4; lastKnownFileType = sourcecode.c.objc; path = NHSelectBar.m; sourceTree = "<group>"; };
		D97C98221E9B778800DDA9D0 /* 2222.jpg */ = {isa = PBXFileReference; lastKnownFileType = image.jpeg; path = 2222.jpg; sourceTree = "<group>"; };
		D9841E1D2063951700B7E139 /* HDEyeViewDemo.h */ = {isa = PBXFileReference; lastKnownFileType = sourcecode.c.h; path = HDEyeViewDemo.h; sourceTree = "<group>"; };
		D9841E1E2063951700B7E139 /* HDEyeViewDemo.m */ = {isa = PBXFileReference; lastKnownFileType = sourcecode.c.objc; path = HDEyeViewDemo.m; sourceTree = "<group>"; };
		D9841E202063954000B7E139 /* HDEyeView.h */ = {isa = PBXFileReference; lastKnownFileType = sourcecode.c.h; path = HDEyeView.h; sourceTree = "<group>"; };
		D9841E212063954000B7E139 /* HDEyeView.m */ = {isa = PBXFileReference; lastKnownFileType = sourcecode.c.objc; path = HDEyeView.m; sourceTree = "<group>"; };
		D9841E2620639E7400B7E139 /* HDEyeAnimateView.h */ = {isa = PBXFileReference; fileEncoding = 4; lastKnownFileType = sourcecode.c.h; path = HDEyeAnimateView.h; sourceTree = "<group>"; };
		D9841E2720639E7400B7E139 /* HDEyeAnimateView.m */ = {isa = PBXFileReference; fileEncoding = 4; lastKnownFileType = sourcecode.c.objc; path = HDEyeAnimateView.m; sourceTree = "<group>"; };
		D9841E2920639F2700B7E139 /* icon_sight_capture_mask@2x.png */ = {isa = PBXFileReference; lastKnownFileType = image.png; path = "icon_sight_capture_mask@2x.png"; sourceTree = "<group>"; };
		D9841E2B2063A5F400B7E139 /* HDEyeCoverView.h */ = {isa = PBXFileReference; lastKnownFileType = sourcecode.c.h; path = HDEyeCoverView.h; sourceTree = "<group>"; };
		D9841E2C2063A5F400B7E139 /* HDEyeCoverView.m */ = {isa = PBXFileReference; lastKnownFileType = sourcecode.c.objc; path = HDEyeCoverView.m; sourceTree = "<group>"; };
		D9841E302063B9B000B7E139 /* logo@2x.png */ = {isa = PBXFileReference; lastKnownFileType = image.png; path = "logo@2x.png"; sourceTree = "<group>"; };
		D9841E322063BE6700B7E139 /* eye@2x.png */ = {isa = PBXFileReference; lastKnownFileType = image.png; path = "eye@2x.png"; sourceTree = "<group>"; };
		D98C39FE1FFB58060082E14E /* UIDocumentViewController.h */ = {isa = PBXFileReference; lastKnownFileType = sourcecode.c.h; path = UIDocumentViewController.h; sourceTree = "<group>"; };
		D98C39FF1FFB58060082E14E /* UIDocumentViewController.m */ = {isa = PBXFileReference; lastKnownFileType = sourcecode.c.objc; path = UIDocumentViewController.m; sourceTree = "<group>"; };
		D98C3A011FFB58FB0082E14E /* iOSAppReverseEngineering.pdf */ = {isa = PBXFileReference; lastKnownFileType = image.pdf; path = iOSAppReverseEngineering.pdf; sourceTree = "<group>"; };
		D98C3A031FFB5A350082E14E /* QuickLook.framework */ = {isa = PBXFileReference; lastKnownFileType = wrapper.framework; name = QuickLook.framework; path = System/Library/Frameworks/QuickLook.framework; sourceTree = SDKROOT; };
		D9B7D90C2071D91800D64580 /* MideaAlertController.m */ = {isa = PBXFileReference; fileEncoding = 4; lastKnownFileType = sourcecode.c.objc; path = MideaAlertController.m; sourceTree = "<group>"; };
		D9B7D90D2071D91800D64580 /* MideaAlertController.h */ = {isa = PBXFileReference; fileEncoding = 4; lastKnownFileType = sourcecode.c.h; path = MideaAlertController.h; sourceTree = "<group>"; };
		D9B7D90F2071DE1200D64580 /* HDAlertViewController.h */ = {isa = PBXFileReference; lastKnownFileType = sourcecode.c.h; path = HDAlertViewController.h; sourceTree = "<group>"; };
		D9B7D9102071DE1200D64580 /* HDAlertViewController.m */ = {isa = PBXFileReference; lastKnownFileType = sourcecode.c.objc; path = HDAlertViewController.m; sourceTree = "<group>"; };
		D9C64E931EF8ED28005194D7 /* HDSortVC.h */ = {isa = PBXFileReference; fileEncoding = 4; lastKnownFileType = sourcecode.c.h; path = HDSortVC.h; sourceTree = "<group>"; };
		D9C64E941EF8ED28005194D7 /* HDSortVC.m */ = {isa = PBXFileReference; fileEncoding = 4; lastKnownFileType = sourcecode.c.objc; path = HDSortVC.m; sourceTree = "<group>"; };
		D9CB73CF1E973F1B000968FA /* HDInvertedImageVC.h */ = {isa = PBXFileReference; fileEncoding = 4; lastKnownFileType = sourcecode.c.h; path = HDInvertedImageVC.h; sourceTree = "<group>"; };
		D9CB73D01E973F1B000968FA /* HDInvertedImageVC.m */ = {isa = PBXFileReference; fileEncoding = 4; lastKnownFileType = sourcecode.c.objc; path = HDInvertedImageVC.m; sourceTree = "<group>"; };
		D9CB73F21E978BC2000968FA /* 3333.jpg */ = {isa = PBXFileReference; lastKnownFileType = image.jpeg; path = 3333.jpg; sourceTree = "<group>"; };
		D9CB73F41E978D3A000968FA /* 3333@2x.png */ = {isa = PBXFileReference; lastKnownFileType = image.png; path = "3333@2x.png"; sourceTree = "<group>"; };
		D9CB73FF1E979CB2000968FA /* 4444@2x.png */ = {isa = PBXFileReference; lastKnownFileType = image.png; path = "4444@2x.png"; sourceTree = "<group>"; };
		D9E570061E8A331000C6C130 /* HDIMDemoVC.h */ = {isa = PBXFileReference; fileEncoding = 4; lastKnownFileType = sourcecode.c.h; path = HDIMDemoVC.h; sourceTree = "<group>"; };
		D9E570071E8A331000C6C130 /* HDIMDemoVC.m */ = {isa = PBXFileReference; fileEncoding = 4; lastKnownFileType = sourcecode.c.objc; path = HDIMDemoVC.m; sourceTree = "<group>"; };
		D9E5700F1E8A3CCD00C6C130 /* HDIMDemoVC.xib */ = {isa = PBXFileReference; fileEncoding = 4; lastKnownFileType = file.xib; path = HDIMDemoVC.xib; sourceTree = "<group>"; };
		D9E570131E8A7B5B00C6C130 /* MessageBubble_Sender@2x.png */ = {isa = PBXFileReference; lastKnownFileType = image.png; path = "MessageBubble_Sender@2x.png"; sourceTree = "<group>"; };
		D9E570181E8A7B8C00C6C130 /* HDMaskLayerVC.h */ = {isa = PBXFileReference; fileEncoding = 4; lastKnownFileType = sourcecode.c.h; path = HDMaskLayerVC.h; sourceTree = "<group>"; };
		D9E570191E8A7B8C00C6C130 /* HDMaskLayerVC.m */ = {isa = PBXFileReference; fileEncoding = 4; lastKnownFileType = sourcecode.c.objc; path = HDMaskLayerVC.m; sourceTree = "<group>"; };
		D9EC73B91E8B727800C92320 /* MessageBubble_Reviceder@2x.png */ = {isa = PBXFileReference; lastKnownFileType = image.png; path = "MessageBubble_Reviceder@2x.png"; sourceTree = "<group>"; };
		D9EC73C91E8B7B8600C92320 /* NSObject+LCCKHUD.h */ = {isa = PBXFileReference; fileEncoding = 4; lastKnownFileType = sourcecode.c.h; path = "NSObject+LCCKHUD.h"; sourceTree = "<group>"; };
		D9EC73CA1E8B7B8600C92320 /* NSObject+LCCKHUD.m */ = {isa = PBXFileReference; fileEncoding = 4; lastKnownFileType = sourcecode.c.objc; path = "NSObject+LCCKHUD.m"; sourceTree = "<group>"; };
		D9EC73CC1E8B803700C92320 /* LCCKUser.h */ = {isa = PBXFileReference; fileEncoding = 4; lastKnownFileType = sourcecode.c.h; path = LCCKUser.h; sourceTree = "<group>"; };
		D9EC73CD1E8B803700C92320 /* LCCKUser.m */ = {isa = PBXFileReference; fileEncoding = 4; lastKnownFileType = sourcecode.c.objc; path = LCCKUser.m; sourceTree = "<group>"; };
		D9EC73CF1E8B8D7D00C92320 /* HDIMListVC.h */ = {isa = PBXFileReference; fileEncoding = 4; lastKnownFileType = sourcecode.c.h; path = HDIMListVC.h; sourceTree = "<group>"; };
		D9EC73D01E8B8D7D00C92320 /* HDIMListVC.m */ = {isa = PBXFileReference; fileEncoding = 4; lastKnownFileType = sourcecode.c.objc; path = HDIMListVC.m; sourceTree = "<group>"; };
/* End PBXFileReference section */

/* Begin PBXFrameworksBuildPhase section */
		049DC0DD1CD0527C0021599C /* Frameworks */ = {
			isa = PBXFrameworksBuildPhase;
			buildActionMask = 2147483647;
			files = (
				D98C3A041FFB5A350082E14E /* QuickLook.framework in Frameworks */,
				D94F0DC81EA8CD7000697923 /* CFNetwork.framework in Frameworks */,
				D94F0DAB1EA8C2A500697923 /* CoreTelephony.framework in Frameworks */,
				D97914D71EA7408B008A8EEA /* CoreLocation.framework in Frameworks */,
				D94F0C3A1EA87E0600697923 /* libstdc++.6.0.9.tbd in Frameworks */,
				D94F0C391EA87E0100697923 /* libsqlite3.0.tbd in Frameworks */,
				D97914DF1EA740AC008A8EEA /* CoreGraphics.framework in Frameworks */,
				D9ACA6891EA86732009A9219 /* HDSubProjectOne.framework in Frameworks */,
				D97914E11EA740C4008A8EEA /* Security.framework in Frameworks */,
				D9ACA68D1EA86732009A9219 /* HDSubProjectTwo.framework in Frameworks */,
				D97914DB1EA7409C008A8EEA /* OpenGLES.framework in Frameworks */,
				D97914D91EA74093008A8EEA /* QuartzCore.framework in Frameworks */,
				D97914DD1EA740A3008A8EEA /* SystemConfiguration.framework in Frameworks */,
				D94800D61D12F34400CCEE75 /* HDSubProjectTwo.framework in Frameworks */,
				D94800D41D12F34100CCEE75 /* HDSubProjectOne.framework in Frameworks */,
				04204B9A1D0678120069A9FE /* libz.tbd in Frameworks */,
				04204B981D06780C0069A9FE /* JavaScriptCore.framework in Frameworks */,
				04204B961D0677530069A9FE /* JSPatch.framework in Frameworks */,
				32C23849EA2DA46D0B68DB0B /* Pods_HDMasterProject.framework in Frameworks */,
			);
			runOnlyForDeploymentPostprocessing = 0;
		};
/* End PBXFrameworksBuildPhase section */

/* Begin PBXGroup section */
		0428C4121CFD8B7D001F9D6F /* HDProxyDemo */ = {
			isa = PBXGroup;
			children = (
				0428C4131CFD8BAC001F9D6F /* HDProxyDemoViewController.h */,
				0428C4141CFD8BAC001F9D6F /* HDProxyDemoViewController.m */,
				0428C4231CFDA4C3001F9D6F /* HDProxyOne */,
				0428C4241CFDA4D0001F9D6F /* HDProxyTwo */,
			);
			path = HDProxyDemo;
			sourceTree = "<group>";
		};
		0428C4231CFDA4C3001F9D6F /* HDProxyOne */ = {
			isa = PBXGroup;
			children = (
				0428C4161CFD8C43001F9D6F /* HDProxy.h */,
				0428C4171CFD8C43001F9D6F /* HDProxy.m */,
				0428C4191CFD8C5E001F9D6F /* HDProxyModel.h */,
				0428C41A1CFD8C5E001F9D6F /* HDProxyModel.m */,
			);
			name = HDProxyOne;
			sourceTree = "<group>";
		};
		0428C4241CFDA4D0001F9D6F /* HDProxyTwo */ = {
			isa = PBXGroup;
			children = (
				0428C41C1CFDA425001F9D6F /* HDAnimal.h */,
				0428C41D1CFDA445001F9D6F /* HDDog.h */,
				0428C41E1CFDA445001F9D6F /* HDDog.m */,
				0428C4201CFDA498001F9D6F /* HDCat.h */,
				0428C4211CFDA498001F9D6F /* HDCat.m */,
				0428C4251CFDA4F7001F9D6F /* HDAnimalProxy.h */,
				0428C4261CFDA4F7001F9D6F /* HDAnimalProxy.m */,
			);
			name = HDProxyTwo;
			sourceTree = "<group>";
		};
		0428C4321D002E67001F9D6F /* HDFriendCycleViewController */ = {
			isa = PBXGroup;
			children = (
				0428C4331D002E7F001F9D6F /* HDFriendCycleViewController.h */,
				0428C4341D002E7F001F9D6F /* HDFriendCycleViewController.m */,
				0428C43B1D003E5A001F9D6F /* Model */,
				0428C43A1D003E50001F9D6F /* View */,
			);
			path = HDFriendCycleViewController;
			sourceTree = "<group>";
		};
		0428C43A1D003E50001F9D6F /* View */ = {
			isa = PBXGroup;
			children = (
				0428C43C1D003E80001F9D6F /* HDFriendCycleTableViewCell.h */,
				0428C43D1D003E80001F9D6F /* HDFriendCycleTableViewCell.m */,
				0428C43F1D003EA8001F9D6F /* HDDynamicImageView.h */,
				0428C4401D003EA8001F9D6F /* HDDynamicImageView.m */,
				0428C4781D011BBD001F9D6F /* PhotoGroupView */,
			);
			name = View;
			sourceTree = "<group>";
		};
		0428C43B1D003E5A001F9D6F /* Model */ = {
			isa = PBXGroup;
			children = (
				0428C4361D002EA3001F9D6F /* HDFriendCycleModel.h */,
				0428C4371D002EA3001F9D6F /* HDFriendCycleModel.m */,
			);
			name = Model;
			sourceTree = "<group>";
		};
		0428C4421D003F36001F9D6F /* ThreeParts */ = {
			isa = PBXGroup;
			children = (
				D97C98171E9B4F2D00DDA9D0 /* AllAroundPullView */,
				D97C97E71E9B386B00DDA9D0 /* LTNavigationBar */,
				0428C46F1D004544001F9D6F /* UIViewHelpers */,
				0428C4431D003F42001F9D6F /* SDWebImage */,
			);
			path = ThreeParts;
			sourceTree = "<group>";
		};
		0428C4431D003F42001F9D6F /* SDWebImage */ = {
			isa = PBXGroup;
			children = (
				0428C4441D003F42001F9D6F /* NSData+ImageContentType.h */,
				0428C4451D003F42001F9D6F /* NSData+ImageContentType.m */,
				0428C4461D003F42001F9D6F /* SDImageCache.h */,
				0428C4471D003F42001F9D6F /* SDImageCache.m */,
				0428C4481D003F42001F9D6F /* SDWebImageCompat.h */,
				0428C4491D003F42001F9D6F /* SDWebImageCompat.m */,
				0428C44A1D003F42001F9D6F /* SDWebImageDecoder.h */,
				0428C44B1D003F42001F9D6F /* SDWebImageDecoder.m */,
				0428C44C1D003F42001F9D6F /* SDWebImageDownloader.h */,
				0428C44D1D003F42001F9D6F /* SDWebImageDownloader.m */,
				0428C44E1D003F42001F9D6F /* SDWebImageDownloaderOperation.h */,
				0428C44F1D003F42001F9D6F /* SDWebImageDownloaderOperation.m */,
				0428C4501D003F42001F9D6F /* SDWebImageManager.h */,
				0428C4511D003F42001F9D6F /* SDWebImageManager.m */,
				0428C4521D003F42001F9D6F /* SDWebImageOperation.h */,
				0428C4531D003F42001F9D6F /* SDWebImagePrefetcher.h */,
				0428C4541D003F42001F9D6F /* SDWebImagePrefetcher.m */,
				0428C4551D003F42001F9D6F /* UIButton+WebCache.h */,
				0428C4561D003F42001F9D6F /* UIButton+WebCache.m */,
				0428C4571D003F42001F9D6F /* UIImage+GIF.h */,
				0428C4581D003F42001F9D6F /* UIImage+GIF.m */,
				0428C4591D003F42001F9D6F /* UIImage+MultiFormat.h */,
				0428C45A1D003F42001F9D6F /* UIImage+MultiFormat.m */,
				0428C45B1D003F42001F9D6F /* UIImageView+HighlightedWebCache.h */,
				0428C45C1D003F42001F9D6F /* UIImageView+HighlightedWebCache.m */,
				0428C45D1D003F42001F9D6F /* UIImageView+WebCache.h */,
				0428C45E1D003F42001F9D6F /* UIImageView+WebCache.m */,
				0428C45F1D003F42001F9D6F /* UIView+WebCacheOperation.h */,
				0428C4601D003F42001F9D6F /* UIView+WebCacheOperation.m */,
			);
			path = SDWebImage;
			sourceTree = "<group>";
		};
		0428C46F1D004544001F9D6F /* UIViewHelpers */ = {
			isa = PBXGroup;
			children = (
				0428C4701D00454C001F9D6F /* UIView+Helpers.h */,
				0428C4711D00454C001F9D6F /* UIView+Helpers.m */,
			);
			path = UIViewHelpers;
			sourceTree = "<group>";
		};
		0428C4781D011BBD001F9D6F /* PhotoGroupView */ = {
			isa = PBXGroup;
			children = (
				0428C4791D011BC3001F9D6F /* HDPhotoGroupCell.h */,
				0428C47A1D011BC3001F9D6F /* HDPhotoGroupCell.m */,
				0428C47B1D011BC3001F9D6F /* HDPhotoGroupView.h */,
				0428C47C1D011BC3001F9D6F /* HDPhotoGroupView.m */,
			);
			path = PhotoGroupView;
			sourceTree = "<group>";
		};
		04544FAE1D0E868100D02AD0 /* HDLogServiceViewController */ = {
			isa = PBXGroup;
			children = (
				04544FB11D0E869F00D02AD0 /* HDLogServiceViewController.h */,
				04544FB21D0E869F00D02AD0 /* HDLogServiceViewController.m */,
				04544FB71D0EA3F900D02AD0 /* HDSystemLogMessage.h */,
				04544FB81D0EA3F900D02AD0 /* HDSystemLogMessage.m */,
			);
			path = HDLogServiceViewController;
			sourceTree = "<group>";
		};
		046B87E61D0D23930087D99C /* HDPulldownPhotoViewController */ = {
			isa = PBXGroup;
			children = (
				046B87E91D0D23C80087D99C /* HDPulldownPhotoViewController.h */,
				046B87EA1D0D23C80087D99C /* HDPulldownPhotoViewController.m */,
				046B87EF1D0D24000087D99C /* HDPhotoViewController.h */,
				046B87F01D0D24000087D99C /* HDPhotoViewController.m */,
				046B87EC1D0D23D90087D99C /* HDTouchControlView.h */,
				046B87ED1D0D23D90087D99C /* HDTouchControlView.m */,
			);
			path = HDPulldownPhotoViewController;
			sourceTree = "<group>";
		};
		049DC0D71CD0527C0021599C = {
			isa = PBXGroup;
			children = (
				049DC0E21CD0527C0021599C /* HDMasterProject */,
				049DC0E11CD0527C0021599C /* Products */,
				EC8AE065F7280139CE980EFA /* Pods */,
				FEC4E83549D260BFBCCAC003 /* Frameworks */,
			);
			sourceTree = "<group>";
		};
		049DC0E11CD0527C0021599C /* Products */ = {
			isa = PBXGroup;
			children = (
				049DC0E01CD0527C0021599C /* HDMasterProject.app */,
			);
			name = Products;
			sourceTree = "<group>";
		};
		049DC0E21CD0527C0021599C /* HDMasterProject */ = {
			isa = PBXGroup;
			children = (
				049DC0E61CD0527C0021599C /* AppDelegate.h */,
				049DC0E71CD0527C0021599C /* AppDelegate.m */,
				049DC0E91CD0527C0021599C /* ViewController.h */,
				049DC0EA1CD0527C0021599C /* ViewController.m */,
				04544FBE1D1129E700D02AD0 /* HDBaseNavigationController.h */,
				04544FBF1D1129E700D02AD0 /* HDBaseNavigationController.m */,
				D964E3E7208DD18000197A98 /* HDCategoryDemo */,
				D9716426208D6B92005B4F4F /* HDDelegateDemo */,
				D9841E1C206394FB00B7E139 /* HDEyeViewDemo */,
				D95615AA2060B05800072A3A /* HDBarChartsView */,
				D96607BF201726A900E7B989 /* HDWeakArrayVC */,
				D98C39FD1FFB57BC0082E14E /* UIDocumentInteractionController */,
				D9C64E921EF8ED10005194D7 /* HDSortVC */,
				D93FC3791ECD891C009A7C3C /* HDGCDTestVC */,
				D9CB73CC1E973F10000968FA /* HDInvertedImageVC */,
				D97AE1241E94852F009534D2 /* HDTextToImageVC */,
				D9E570171E8A7B7A00C6C130 /* HDMaskLayerVC */,
				D9E570011E8A2E0900C6C130 /* HDIMDemoVC */,
				04BD829D1CE96AB700943C42 /* HDMessageWays */,
				0428C4121CFD8B7D001F9D6F /* HDProxyDemo */,
				0428C4321D002E67001F9D6F /* HDFriendCycleViewController */,
				046B87E61D0D23930087D99C /* HDPulldownPhotoViewController */,
				04544FAE1D0E868100D02AD0 /* HDLogServiceViewController */,
				049DC1241CD057030021599C /* HDSubProjectOne */,
				049DC1251CD0571E0021599C /* HDSubProjectTwo */,
				0428C4421D003F36001F9D6F /* ThreeParts */,
				049DC0E31CD0527C0021599C /* Supporting Files */,
			);
			path = HDMasterProject;
			sourceTree = "<group>";
		};
		049DC0E31CD0527C0021599C /* Supporting Files */ = {
			isa = PBXGroup;
			children = (
				D97C981B1E9B4FC400DDA9D0 /* fdd_logo_refresh@2x.png */,
				D97C981C1E9B4FC400DDA9D0 /* fdd_logo_refresh@3x.png */,
				D97C98221E9B778800DDA9D0 /* 2222.jpg */,
				D9CB73F41E978D3A000968FA /* 3333@2x.png */,
				D9CB73FF1E979CB2000968FA /* 4444@2x.png */,
				D9CB73F21E978BC2000968FA /* 3333.jpg */,
				D9EC73B91E8B727800C92320 /* MessageBubble_Reviceder@2x.png */,
				04204B991D0678120069A9FE /* libz.tbd */,
				04204B971D06780C0069A9FE /* JavaScriptCore.framework */,
				04204B951D0677530069A9FE /* JSPatch.framework */,
				0428C4731D011149001F9D6F /* loading@2x.png */,
				046B87F61D0D258D0087D99C /* 123.jpg */,
				046B87F71D0D258D0087D99C /* 222.png */,
				D9E570131E8A7B5B00C6C130 /* MessageBubble_Sender@2x.png */,
				049DC0EC1CD0527C0021599C /* Main.storyboard */,
				049DC0F11CD0527C0021599C /* LaunchScreen.storyboard */,
				049DC0F41CD0527C0021599C /* Info.plist */,
				049DC0E41CD0527C0021599C /* main.m */,
				0428C4391D0035A4001F9D6F /* PrefixHeader.pch */,
			);
			name = "Supporting Files";
			sourceTree = "<group>";
		};
		049DC1241CD057030021599C /* HDSubProjectOne */ = {
			isa = PBXGroup;
			children = (
				049DC13F1CD069170021599C /* HDSubProjectOne.xcodeproj */,
			);
			path = HDSubProjectOne;
			sourceTree = "<group>";
		};
		049DC1251CD0571E0021599C /* HDSubProjectTwo */ = {
			isa = PBXGroup;
			children = (
				049DC1451CD0691B0021599C /* HDSubProjectTwo.xcodeproj */,
			);
			path = HDSubProjectTwo;
			sourceTree = "<group>";
		};
		049DC1401CD069170021599C /* Products */ = {
			isa = PBXGroup;
			children = (
				049DC1441CD069170021599C /* HDSubProjectOne.framework */,
			);
			name = Products;
			sourceTree = "<group>";
		};
		049DC1461CD0691B0021599C /* Products */ = {
			isa = PBXGroup;
			children = (
				049DC14A1CD0691B0021599C /* HDSubProjectTwo.framework */,
			);
			name = Products;
			sourceTree = "<group>";
		};
		04BD829D1CE96AB700943C42 /* HDMessageWays */ = {
			isa = PBXGroup;
			children = (
				04BD82A01CE96AD900943C42 /* HDMessageWaysViewController.h */,
				04BD82A11CE96AD900943C42 /* HDMessageWaysViewController.m */,
				04BD82A31CE96B4D00943C42 /* NSObject+Messages.h */,
				04BD82A41CE96B4D00943C42 /* NSObject+Messages.m */,
			);
			path = HDMessageWays;
			sourceTree = "<group>";
		};
		D93FC3791ECD891C009A7C3C /* HDGCDTestVC */ = {
			isa = PBXGroup;
			children = (
				D93FC37A1ECD8946009A7C3C /* HDGCDTestVC.h */,
				D93FC37B1ECD8946009A7C3C /* HDGCDTestVC.m */,
			);
			path = HDGCDTestVC;
			sourceTree = "<group>";
		};
		D95615AA2060B05800072A3A /* HDBarChartsView */ = {
			isa = PBXGroup;
			children = (
				D9B7D90D2071D91800D64580 /* MideaAlertController.h */,
				D9B7D90C2071D91800D64580 /* MideaAlertController.m */,
				D9B7D90F2071DE1200D64580 /* HDAlertViewController.h */,
				D9B7D9102071DE1200D64580 /* HDAlertViewController.m */,
				D95615AB2060B11000072A3A /* HDBarChartsViewController.h */,
				D95615AC2060B11000072A3A /* HDBarChartsViewController.m */,
				D9841E232063964400B7E139 /* HDBarCharts */,
			);
			path = HDBarChartsView;
			sourceTree = "<group>";
		};
		D964E3E7208DD18000197A98 /* HDCategoryDemo */ = {
			isa = PBXGroup;
			children = (
				D964E3E8208DD1A600197A98 /* HDCategoryDemo.h */,
				D964E3E9208DD1A600197A98 /* HDCategoryDemo.m */,
				D964E3EB208DD1B400197A98 /* HDCategory.h */,
				D964E3EC208DD1B400197A98 /* HDCategory.m */,
				D964E3EE208DD1E800197A98 /* HDCategory+One.h */,
				D964E3EF208DD1E800197A98 /* HDCategory+One.m */,
				D964E3F1208DD1F100197A98 /* HDCategory+Two.h */,
				D964E3F2208DD1F100197A98 /* HDCategory+Two.m */,
			);
			path = HDCategoryDemo;
			sourceTree = "<group>";
		};
		D96607BF201726A900E7B989 /* HDWeakArrayVC */ = {
			isa = PBXGroup;
			children = (
				D96607C0201726EE00E7B989 /* HDWeakArrayVC.h */,
				D96607C1201726EE00E7B989 /* HDWeakArrayVC.m */,
				D96607C32017273A00E7B989 /* HDDelegateTaget.h */,
				D96607C42017273A00E7B989 /* HDDelegateTaget.m */,
			);
			path = HDWeakArrayVC;
			sourceTree = "<group>";
		};
		D9716426208D6B92005B4F4F /* HDDelegateDemo */ = {
			isa = PBXGroup;
			children = (
				D9716427208D6BAC005B4F4F /* HDDelegateDemo.h */,
				D9716428208D6BAC005B4F4F /* HDDelegateDemo.m */,
				D971642A208D6BBF005B4F4F /* HDDelegateObject1.h */,
				D971642B208D6BBF005B4F4F /* HDDelegateObject1.m */,
				D971642D208D6BC9005B4F4F /* HDDelegateObject2.h */,
				D971642E208D6BC9005B4F4F /* HDDelegateObject2.m */,
				D9716430208D6F4E005B4F4F /* HDProtocol.h */,
			);
			path = HDDelegateDemo;
			sourceTree = "<group>";
		};
		D97AE1241E94852F009534D2 /* HDTextToImageVC */ = {
			isa = PBXGroup;
			children = (
				D97AE1271E948542009534D2 /* HDTextToImageVC.h */,
				D97AE1281E948542009534D2 /* HDTextToImageVC.m */,
			);
			path = HDTextToImageVC;
			sourceTree = "<group>";
		};
		D97C97E71E9B386B00DDA9D0 /* LTNavigationBar */ = {
			isa = PBXGroup;
			children = (
				D97C97E81E9B387500DDA9D0 /* UINavigationBar+Awesome.h */,
				D97C97E91E9B387500DDA9D0 /* UINavigationBar+Awesome.m */,
			);
			path = LTNavigationBar;
			sourceTree = "<group>";
		};
		D97C98171E9B4F2D00DDA9D0 /* AllAroundPullView */ = {
			isa = PBXGroup;
			children = (
				D97C98181E9B4F3200DDA9D0 /* AllAroundPullView.h */,
				D97C98191E9B4F3200DDA9D0 /* AllAroundPullView.m */,
			);
			path = AllAroundPullView;
			sourceTree = "<group>";
		};
		D9841E1C206394FB00B7E139 /* HDEyeViewDemo */ = {
			isa = PBXGroup;
			children = (
				D9841E2520639E6700B7E139 /* HDEyeViewAmimate */,
				D9841E2420639E5200B7E139 /* HDEyeViewLayer */,
				D9841E1D2063951700B7E139 /* HDEyeViewDemo.h */,
				D9841E1E2063951700B7E139 /* HDEyeViewDemo.m */,
				D9841E322063BE6700B7E139 /* eye@2x.png */,
				D9841E302063B9B000B7E139 /* logo@2x.png */,
			);
			path = HDEyeViewDemo;
			sourceTree = "<group>";
		};
		D9841E232063964400B7E139 /* HDBarCharts */ = {
			isa = PBXGroup;
			children = (
				D95615B22060EF2000072A3A /* HDBarChartsElementManager.h */,
				D95615B32060EF2000072A3A /* HDBarChartsElementManager.m */,
				D95615B720624BD700072A3A /* HDBarChartsModel.h */,
				D95615B820624BD700072A3A /* HDBarChartsModel.m */,
				D95615AE2060B4BD00072A3A /* HDBarChartsView.h */,
				D95615AF2060B4BD00072A3A /* HDBarChartsView.m */,
			);
			path = HDBarCharts;
			sourceTree = "<group>";
		};
		D9841E2420639E5200B7E139 /* HDEyeViewLayer */ = {
			isa = PBXGroup;
			children = (
				D9841E202063954000B7E139 /* HDEyeView.h */,
				D9841E212063954000B7E139 /* HDEyeView.m */,
			);
			path = HDEyeViewLayer;
			sourceTree = "<group>";
		};
		D9841E2520639E6700B7E139 /* HDEyeViewAmimate */ = {
			isa = PBXGroup;
			children = (
				D9841E2920639F2700B7E139 /* icon_sight_capture_mask@2x.png */,
				D9841E2620639E7400B7E139 /* HDEyeAnimateView.h */,
				D9841E2720639E7400B7E139 /* HDEyeAnimateView.m */,
				D9841E2B2063A5F400B7E139 /* HDEyeCoverView.h */,
				D9841E2C2063A5F400B7E139 /* HDEyeCoverView.m */,
			);
			path = HDEyeViewAmimate;
			sourceTree = "<group>";
		};
		D98C39FD1FFB57BC0082E14E /* UIDocumentInteractionController */ = {
			isa = PBXGroup;
			children = (
				D98C3A011FFB58FB0082E14E /* iOSAppReverseEngineering.pdf */,
				D98C39FE1FFB58060082E14E /* UIDocumentViewController.h */,
				D98C39FF1FFB58060082E14E /* UIDocumentViewController.m */,
			);
			path = UIDocumentInteractionController;
			sourceTree = "<group>";
		};
		D9C64E921EF8ED10005194D7 /* HDSortVC */ = {
			isa = PBXGroup;
			children = (
				D9C64E931EF8ED28005194D7 /* HDSortVC.h */,
				D9C64E941EF8ED28005194D7 /* HDSortVC.m */,
			);
			path = HDSortVC;
			sourceTree = "<group>";
		};
		D9CB73CC1E973F10000968FA /* HDInvertedImageVC */ = {
			isa = PBXGroup;
			children = (
				D9CB73CF1E973F1B000968FA /* HDInvertedImageVC.h */,
				D9CB73D01E973F1B000968FA /* HDInvertedImageVC.m */,
				D97C981F1E9B5B6700DDA9D0 /* NHSelectBar.h */,
				D97C98201E9B5B6700DDA9D0 /* NHSelectBar.m */,
			);
			path = HDInvertedImageVC;
			sourceTree = "<group>";
		};
		D9E570011E8A2E0900C6C130 /* HDIMDemoVC */ = {
			isa = PBXGroup;
			children = (
				D9EC73C91E8B7B8600C92320 /* NSObject+LCCKHUD.h */,
				D9EC73CA1E8B7B8600C92320 /* NSObject+LCCKHUD.m */,
				D9EC73CC1E8B803700C92320 /* LCCKUser.h */,
				D9EC73CD1E8B803700C92320 /* LCCKUser.m */,
				D9E570061E8A331000C6C130 /* HDIMDemoVC.h */,
				D9E570071E8A331000C6C130 /* HDIMDemoVC.m */,
				D9E5700F1E8A3CCD00C6C130 /* HDIMDemoVC.xib */,
				D9EC73CF1E8B8D7D00C92320 /* HDIMListVC.h */,
				D9EC73D01E8B8D7D00C92320 /* HDIMListVC.m */,
			);
			path = HDIMDemoVC;
			sourceTree = "<group>";
		};
		D9E570171E8A7B7A00C6C130 /* HDMaskLayerVC */ = {
			isa = PBXGroup;
			children = (
				D9E570181E8A7B8C00C6C130 /* HDMaskLayerVC.h */,
				D9E570191E8A7B8C00C6C130 /* HDMaskLayerVC.m */,
			);
			path = HDMaskLayerVC;
			sourceTree = "<group>";
		};
		EC8AE065F7280139CE980EFA /* Pods */ = {
			isa = PBXGroup;
			children = (
				B3594B95ABBAD787AB99AD68 /* Pods-HDMasterProject.debug.xcconfig */,
				0DD9BCDA704485722CB79C99 /* Pods-HDMasterProject.release.xcconfig */,
			);
			name = Pods;
			sourceTree = "<group>";
		};
		FEC4E83549D260BFBCCAC003 /* Frameworks */ = {
			isa = PBXGroup;
			children = (
				D98C3A031FFB5A350082E14E /* QuickLook.framework */,
				D94F0DC71EA8CD7000697923 /* CFNetwork.framework */,
				D94F0D9E1EA8C12F00697923 /* HDDemoDLib.framework */,
				D97914E61EA740E8008A8EEA /* libstdc++.6.0.9.tbd */,
				D97914E41EA740DE008A8EEA /* CoreTelephony.framework */,
				D97914E21EA740D8008A8EEA /* libsqlite3.0.tbd */,
				D97914E01EA740C4008A8EEA /* Security.framework */,
				D97914DE1EA740AC008A8EEA /* CoreGraphics.framework */,
				D97914DC1EA740A3008A8EEA /* SystemConfiguration.framework */,
				D97914DA1EA7409C008A8EEA /* OpenGLES.framework */,
				D97914D81EA74093008A8EEA /* QuartzCore.framework */,
				D97914D61EA7408B008A8EEA /* CoreLocation.framework */,
				29F8C3C00F5FE8E00226E67E /* Pods_HDMasterProject.framework */,
			);
			name = Frameworks;
			sourceTree = "<group>";
		};
/* End PBXGroup section */

/* Begin PBXNativeTarget section */
		049DC0DF1CD0527C0021599C /* HDMasterProject */ = {
			isa = PBXNativeTarget;
			buildConfigurationList = 049DC0F71CD0527C0021599C /* Build configuration list for PBXNativeTarget "HDMasterProject" */;
			buildPhases = (
				62C2B959409349FFEAB055CC /* [CP] Check Pods Manifest.lock */,
				049DC0DC1CD0527C0021599C /* Sources */,
				049DC0DD1CD0527C0021599C /* Frameworks */,
				049DC0DE1CD0527C0021599C /* Resources */,
				77C2F095BC7489696DC8A7C1 /* [CP] Embed Pods Frameworks */,
				696F5A796DE79C7215B4305B /* [CP] Copy Pods Resources */,
				D9ACA6911EA86732009A9219 /* Embed Frameworks */,
			);
			buildRules = (
			);
			dependencies = (
				D9ACA68C1EA86732009A9219 /* PBXTargetDependency */,
				D9ACA6901EA86732009A9219 /* PBXTargetDependency */,
			);
			name = HDMasterProject;
			productName = HDMasterProject;
			productReference = 049DC0E01CD0527C0021599C /* HDMasterProject.app */;
			productType = "com.apple.product-type.application";
		};
/* End PBXNativeTarget section */

/* Begin PBXProject section */
		049DC0D81CD0527C0021599C /* Project object */ = {
			isa = PBXProject;
			attributes = {
				LastUpgradeCheck = 0830;
				ORGANIZATIONNAME = HarryDeng;
				TargetAttributes = {
					049DC0DF1CD0527C0021599C = {
						CreatedOnToolsVersion = 7.3;
						DevelopmentTeam = B9FH944VTE;
						ProvisioningStyle = Manual;
					};
				};
			};
			buildConfigurationList = 049DC0DB1CD0527C0021599C /* Build configuration list for PBXProject "HDMasterProject" */;
			compatibilityVersion = "Xcode 3.2";
			developmentRegion = English;
			hasScannedForEncodings = 0;
			knownRegions = (
				en,
				Base,
			);
			mainGroup = 049DC0D71CD0527C0021599C;
			productRefGroup = 049DC0E11CD0527C0021599C /* Products */;
			projectDirPath = "";
			projectReferences = (
				{
					ProductGroup = 049DC1401CD069170021599C /* Products */;
					ProjectRef = 049DC13F1CD069170021599C /* HDSubProjectOne.xcodeproj */;
				},
				{
					ProductGroup = 049DC1461CD0691B0021599C /* Products */;
					ProjectRef = 049DC1451CD0691B0021599C /* HDSubProjectTwo.xcodeproj */;
				},
			);
			projectRoot = "";
			targets = (
				049DC0DF1CD0527C0021599C /* HDMasterProject */,
			);
		};
/* End PBXProject section */

/* Begin PBXReferenceProxy section */
		049DC1441CD069170021599C /* HDSubProjectOne.framework */ = {
			isa = PBXReferenceProxy;
			fileType = wrapper.framework;
			path = HDSubProjectOne.framework;
			remoteRef = 049DC1431CD069170021599C /* PBXContainerItemProxy */;
			sourceTree = BUILT_PRODUCTS_DIR;
		};
		049DC14A1CD0691B0021599C /* HDSubProjectTwo.framework */ = {
			isa = PBXReferenceProxy;
			fileType = wrapper.framework;
			path = HDSubProjectTwo.framework;
			remoteRef = 049DC1491CD0691B0021599C /* PBXContainerItemProxy */;
			sourceTree = BUILT_PRODUCTS_DIR;
		};
/* End PBXReferenceProxy section */

/* Begin PBXResourcesBuildPhase section */
		049DC0DE1CD0527C0021599C /* Resources */ = {
			isa = PBXResourcesBuildPhase;
			buildActionMask = 2147483647;
			files = (
				D9841E2A20639F2700B7E139 /* icon_sight_capture_mask@2x.png in Resources */,
				D9E570141E8A7B5B00C6C130 /* MessageBubble_Sender@2x.png in Resources */,
				D9CB73F51E978D3A000968FA /* 3333@2x.png in Resources */,
				D97C981E1E9B4FC400DDA9D0 /* fdd_logo_refresh@3x.png in Resources */,
				046B87F91D0D258D0087D99C /* 222.png in Resources */,
				D98C3A021FFB58FB0082E14E /* iOSAppReverseEngineering.pdf in Resources */,
				D9841E332063BE6700B7E139 /* eye@2x.png in Resources */,
				049DC0F31CD0527C0021599C /* LaunchScreen.storyboard in Resources */,
				D9841E312063B9B000B7E139 /* logo@2x.png in Resources */,
				D97C981D1E9B4FC400DDA9D0 /* fdd_logo_refresh@2x.png in Resources */,
				0428C4741D011149001F9D6F /* loading@2x.png in Resources */,
				D9CB74001E979CB2000968FA /* 4444@2x.png in Resources */,
				D9CB73F31E978BC2000968FA /* 3333.jpg in Resources */,
				D97C98231E9B778800DDA9D0 /* 2222.jpg in Resources */,
				D9EC73BA1E8B727800C92320 /* MessageBubble_Reviceder@2x.png in Resources */,
				D9E570101E8A3CCD00C6C130 /* HDIMDemoVC.xib in Resources */,
				049DC0EE1CD0527C0021599C /* Main.storyboard in Resources */,
				046B87F81D0D258D0087D99C /* 123.jpg in Resources */,
			);
			runOnlyForDeploymentPostprocessing = 0;
		};
/* End PBXResourcesBuildPhase section */

/* Begin PBXShellScriptBuildPhase section */
		62C2B959409349FFEAB055CC /* [CP] Check Pods Manifest.lock */ = {
			isa = PBXShellScriptBuildPhase;
			buildActionMask = 2147483647;
			files = (
			);
			inputPaths = (
			);
			name = "[CP] Check Pods Manifest.lock";
			outputPaths = (
			);
			runOnlyForDeploymentPostprocessing = 0;
			shellPath = /bin/sh;
			shellScript = "diff \"${PODS_PODFILE_DIR_PATH}/Podfile.lock\" \"${PODS_ROOT}/Manifest.lock\" > /dev/null\nif [ $? != 0 ] ; then\n    # print error to STDERR\n    echo \"error: The sandbox is not in sync with the Podfile.lock. Run 'pod install' or update your CocoaPods installation.\" >&2\n    exit 1\nfi\n";
			showEnvVarsInLog = 0;
		};
		696F5A796DE79C7215B4305B /* [CP] Copy Pods Resources */ = {
			isa = PBXShellScriptBuildPhase;
			buildActionMask = 2147483647;
			files = (
			);
			inputPaths = (
			);
			name = "[CP] Copy Pods Resources";
			outputPaths = (
			);
			runOnlyForDeploymentPostprocessing = 0;
			shellPath = /bin/sh;
			shellScript = "\"${SRCROOT}/Pods/Target Support Files/Pods-HDMasterProject/Pods-HDMasterProject-resources.sh\"\n";
			showEnvVarsInLog = 0;
		};
		77C2F095BC7489696DC8A7C1 /* [CP] Embed Pods Frameworks */ = {
			isa = PBXShellScriptBuildPhase;
			buildActionMask = 2147483647;
			files = (
			);
			inputPaths = (
			);
			name = "[CP] Embed Pods Frameworks";
			outputPaths = (
			);
			runOnlyForDeploymentPostprocessing = 0;
			shellPath = /bin/sh;
			shellScript = "\"${SRCROOT}/Pods/Target Support Files/Pods-HDMasterProject/Pods-HDMasterProject-frameworks.sh\"\n";
			showEnvVarsInLog = 0;
		};
/* End PBXShellScriptBuildPhase section */

/* Begin PBXSourcesBuildPhase section */
		049DC0DC1CD0527C0021599C /* Sources */ = {
			isa = PBXSourcesBuildPhase;
			buildActionMask = 2147483647;
			files = (
				D9EC73D11E8B8D7D00C92320 /* HDIMListVC.m in Sources */,
				D95615B920624BD700072A3A /* HDBarChartsModel.m in Sources */,
				0428C46B1D003F42001F9D6F /* UIImage+MultiFormat.m in Sources */,
				D96607C52017273A00E7B989 /* HDDelegateTaget.m in Sources */,
				D9C64E951EF8ED28005194D7 /* HDSortVC.m in Sources */,
				D9841E1F2063951700B7E139 /* HDEyeViewDemo.m in Sources */,
				0428C41B1CFD8C5E001F9D6F /* HDProxyModel.m in Sources */,
				D9B7D90E2071D91900D64580 /* MideaAlertController.m in Sources */,
				04544FC01D1129E700D02AD0 /* HDBaseNavigationController.m in Sources */,
				0428C4671D003F42001F9D6F /* SDWebImageManager.m in Sources */,
				D971642F208D6BC9005B4F4F /* HDDelegateObject2.m in Sources */,
				D9841E222063954000B7E139 /* HDEyeView.m in Sources */,
				D97AE1291E948542009534D2 /* HDTextToImageVC.m in Sources */,
				D95615B02060B4BD00072A3A /* HDBarChartsView.m in Sources */,
				D9841E2D2063A5F400B7E139 /* HDEyeCoverView.m in Sources */,
				D97C981A1E9B4F3200DDA9D0 /* AllAroundPullView.m in Sources */,
				049DC0EB1CD0527C0021599C /* ViewController.m in Sources */,
				D9EC73CE1E8B803700C92320 /* LCCKUser.m in Sources */,
				0428C43E1D003E80001F9D6F /* HDFriendCycleTableViewCell.m in Sources */,
				0428C4381D002EA3001F9D6F /* HDFriendCycleModel.m in Sources */,
				D9CB73D11E973F1B000968FA /* HDInvertedImageVC.m in Sources */,
				0428C4651D003F42001F9D6F /* SDWebImageDownloader.m in Sources */,
				D9E5701A1E8A7B8C00C6C130 /* HDMaskLayerVC.m in Sources */,
				049DC0E81CD0527C0021599C /* AppDelegate.m in Sources */,
				D9716429208D6BAC005B4F4F /* HDDelegateDemo.m in Sources */,
				0428C41F1CFDA445001F9D6F /* HDDog.m in Sources */,
				0428C4181CFD8C43001F9D6F /* HDProxy.m in Sources */,
				0428C4411D003EA8001F9D6F /* HDDynamicImageView.m in Sources */,
				D9841E2820639E7400B7E139 /* HDEyeAnimateView.m in Sources */,
				D964E3ED208DD1B400197A98 /* HDCategory.m in Sources */,
				049DC0E51CD0527C0021599C /* main.m in Sources */,
				04544FB91D0EA3F900D02AD0 /* HDSystemLogMessage.m in Sources */,
				0428C4271CFDA4F7001F9D6F /* HDAnimalProxy.m in Sources */,
				0428C4611D003F42001F9D6F /* NSData+ImageContentType.m in Sources */,
				D97C97EA1E9B387500DDA9D0 /* UINavigationBar+Awesome.m in Sources */,
				0428C46A1D003F42001F9D6F /* UIImage+GIF.m in Sources */,
				0428C4691D003F42001F9D6F /* UIButton+WebCache.m in Sources */,
				0428C4151CFD8BAC001F9D6F /* HDProxyDemoViewController.m in Sources */,
				04544FB31D0E869F00D02AD0 /* HDLogServiceViewController.m in Sources */,
				D98C3A001FFB58060082E14E /* UIDocumentViewController.m in Sources */,
				0428C4681D003F42001F9D6F /* SDWebImagePrefetcher.m in Sources */,
				0428C4721D00454C001F9D6F /* UIView+Helpers.m in Sources */,
				D93FC37C1ECD8946009A7C3C /* HDGCDTestVC.m in Sources */,
				D9EC73CB1E8B7B8600C92320 /* NSObject+LCCKHUD.m in Sources */,
				0428C46D1D003F42001F9D6F /* UIImageView+WebCache.m in Sources */,
				D964E3EA208DD1A600197A98 /* HDCategoryDemo.m in Sources */,
				D95615AD2060B11000072A3A /* HDBarChartsViewController.m in Sources */,
				0428C46C1D003F42001F9D6F /* UIImageView+HighlightedWebCache.m in Sources */,
				D971642C208D6BBF005B4F4F /* HDDelegateObject1.m in Sources */,
				D97C98211E9B5B6700DDA9D0 /* NHSelectBar.m in Sources */,
				0428C47E1D011BC3001F9D6F /* HDPhotoGroupView.m in Sources */,
				0428C4641D003F42001F9D6F /* SDWebImageDecoder.m in Sources */,
				0428C4621D003F42001F9D6F /* SDImageCache.m in Sources */,
				0428C4631D003F42001F9D6F /* SDWebImageCompat.m in Sources */,
				04BD82A21CE96AD900943C42 /* HDMessageWaysViewController.m in Sources */,
				0428C4221CFDA498001F9D6F /* HDCat.m in Sources */,
				D9E570081E8A331000C6C130 /* HDIMDemoVC.m in Sources */,
				0428C4661D003F42001F9D6F /* SDWebImageDownloaderOperation.m in Sources */,
				046B87EB1D0D23C80087D99C /* HDPulldownPhotoViewController.m in Sources */,
				0428C47D1D011BC3001F9D6F /* HDPhotoGroupCell.m in Sources */,
				D95615B42060EF2000072A3A /* HDBarChartsElementManager.m in Sources */,
				04BD82A51CE96B4D00943C42 /* NSObject+Messages.m in Sources */,
				0428C46E1D003F42001F9D6F /* UIView+WebCacheOperation.m in Sources */,
				0428C4351D002E7F001F9D6F /* HDFriendCycleViewController.m in Sources */,
				D964E42F208DE00D00197A98 /* HDCategory+Two.m in Sources */,
				D964E42E208DE00D00197A98 /* HDCategory+One.m in Sources */,
				046B87EE1D0D23D90087D99C /* HDTouchControlView.m in Sources */,
				D96607C2201726EE00E7B989 /* HDWeakArrayVC.m in Sources */,
				D9B7D9112071DE1200D64580 /* HDAlertViewController.m in Sources */,
				046B87F11D0D24000087D99C /* HDPhotoViewController.m in Sources */,
			);
			runOnlyForDeploymentPostprocessing = 0;
		};
/* End PBXSourcesBuildPhase section */

/* Begin PBXTargetDependency section */
		D9ACA68C1EA86732009A9219 /* PBXTargetDependency */ = {
			isa = PBXTargetDependency;
			name = HDSubProjectOne;
			targetProxy = D9ACA68B1EA86732009A9219 /* PBXContainerItemProxy */;
		};
		D9ACA6901EA86732009A9219 /* PBXTargetDependency */ = {
			isa = PBXTargetDependency;
			name = HDSubProjectTwo;
			targetProxy = D9ACA68F1EA86732009A9219 /* PBXContainerItemProxy */;
		};
/* End PBXTargetDependency section */

/* Begin PBXVariantGroup section */
		049DC0EC1CD0527C0021599C /* Main.storyboard */ = {
			isa = PBXVariantGroup;
			children = (
				049DC0ED1CD0527C0021599C /* Base */,
			);
			name = Main.storyboard;
			sourceTree = "<group>";
		};
		049DC0F11CD0527C0021599C /* LaunchScreen.storyboard */ = {
			isa = PBXVariantGroup;
			children = (
				049DC0F21CD0527C0021599C /* Base */,
			);
			name = LaunchScreen.storyboard;
			sourceTree = "<group>";
		};
/* End PBXVariantGroup section */

/* Begin XCBuildConfiguration section */
		049DC0F51CD0527C0021599C /* Debug */ = {
			isa = XCBuildConfiguration;
			buildSettings = {
				ALWAYS_SEARCH_USER_PATHS = NO;
				CLANG_ANALYZER_NONNULL = YES;
				CLANG_CXX_LANGUAGE_STANDARD = "gnu++0x";
				CLANG_CXX_LIBRARY = "libc++";
				CLANG_ENABLE_MODULES = YES;
				CLANG_ENABLE_OBJC_ARC = YES;
				CLANG_WARN_BOOL_CONVERSION = YES;
				CLANG_WARN_CONSTANT_CONVERSION = YES;
				CLANG_WARN_DIRECT_OBJC_ISA_USAGE = YES_ERROR;
				CLANG_WARN_EMPTY_BODY = YES;
				CLANG_WARN_ENUM_CONVERSION = YES;
				CLANG_WARN_INFINITE_RECURSION = YES;
				CLANG_WARN_INT_CONVERSION = YES;
				CLANG_WARN_OBJC_ROOT_CLASS = YES_ERROR;
				CLANG_WARN_SUSPICIOUS_MOVE = YES;
				CLANG_WARN_UNREACHABLE_CODE = YES;
				CLANG_WARN__DUPLICATE_METHOD_MATCH = YES;
				"CODE_SIGN_IDENTITY[sdk=iphoneos*]" = "iPhone Developer";
				COPY_PHASE_STRIP = NO;
				DEBUG_INFORMATION_FORMAT = dwarf;
				ENABLE_STRICT_OBJC_MSGSEND = YES;
				ENABLE_TESTABILITY = YES;
				GCC_C_LANGUAGE_STANDARD = gnu99;
				GCC_DYNAMIC_NO_PIC = NO;
				GCC_NO_COMMON_BLOCKS = YES;
				GCC_OPTIMIZATION_LEVEL = 0;
				GCC_PREPROCESSOR_DEFINITIONS = (
					"DEBUG=1",
					"$(inherited)",
				);
				GCC_WARN_64_TO_32_BIT_CONVERSION = YES;
				GCC_WARN_ABOUT_RETURN_TYPE = YES_ERROR;
				GCC_WARN_UNDECLARED_SELECTOR = YES;
				GCC_WARN_UNINITIALIZED_AUTOS = YES_AGGRESSIVE;
				GCC_WARN_UNUSED_FUNCTION = YES;
				GCC_WARN_UNUSED_VARIABLE = YES;
				IPHONEOS_DEPLOYMENT_TARGET = 9.3;
				MTL_ENABLE_DEBUG_INFO = YES;
				ONLY_ACTIVE_ARCH = YES;
				SDKROOT = iphoneos;
			};
			name = Debug;
		};
		049DC0F61CD0527C0021599C /* Release */ = {
			isa = XCBuildConfiguration;
			buildSettings = {
				ALWAYS_SEARCH_USER_PATHS = NO;
				CLANG_ANALYZER_NONNULL = YES;
				CLANG_CXX_LANGUAGE_STANDARD = "gnu++0x";
				CLANG_CXX_LIBRARY = "libc++";
				CLANG_ENABLE_MODULES = YES;
				CLANG_ENABLE_OBJC_ARC = YES;
				CLANG_WARN_BOOL_CONVERSION = YES;
				CLANG_WARN_CONSTANT_CONVERSION = YES;
				CLANG_WARN_DIRECT_OBJC_ISA_USAGE = YES_ERROR;
				CLANG_WARN_EMPTY_BODY = YES;
				CLANG_WARN_ENUM_CONVERSION = YES;
				CLANG_WARN_INFINITE_RECURSION = YES;
				CLANG_WARN_INT_CONVERSION = YES;
				CLANG_WARN_OBJC_ROOT_CLASS = YES_ERROR;
				CLANG_WARN_SUSPICIOUS_MOVE = YES;
				CLANG_WARN_UNREACHABLE_CODE = YES;
				CLANG_WARN__DUPLICATE_METHOD_MATCH = YES;
				"CODE_SIGN_IDENTITY[sdk=iphoneos*]" = "iPhone Developer";
				COPY_PHASE_STRIP = NO;
				DEBUG_INFORMATION_FORMAT = "dwarf-with-dsym";
				ENABLE_NS_ASSERTIONS = NO;
				ENABLE_STRICT_OBJC_MSGSEND = YES;
				GCC_C_LANGUAGE_STANDARD = gnu99;
				GCC_NO_COMMON_BLOCKS = YES;
				GCC_WARN_64_TO_32_BIT_CONVERSION = YES;
				GCC_WARN_ABOUT_RETURN_TYPE = YES_ERROR;
				GCC_WARN_UNDECLARED_SELECTOR = YES;
				GCC_WARN_UNINITIALIZED_AUTOS = YES_AGGRESSIVE;
				GCC_WARN_UNUSED_FUNCTION = YES;
				GCC_WARN_UNUSED_VARIABLE = YES;
				IPHONEOS_DEPLOYMENT_TARGET = 9.3;
				MTL_ENABLE_DEBUG_INFO = NO;
				SDKROOT = iphoneos;
				VALIDATE_PRODUCT = YES;
			};
			name = Release;
		};
		049DC0F81CD0527C0021599C /* Debug */ = {
			isa = XCBuildConfiguration;
			baseConfigurationReference = B3594B95ABBAD787AB99AD68 /* Pods-HDMasterProject.debug.xcconfig */;
			buildSettings = {
				ASSETCATALOG_COMPILER_APPICON_NAME = AppIcon;
				DEVELOPMENT_TEAM = B9FH944VTE;
				FRAMEWORK_SEARCH_PATHS = (
					"$(inherited)",
					"$(PROJECT_DIR)/HDMasterProject",
					"$(PROJECT_DIR)/HDMasterProject/HDMapVC/BaiduMapKit",
					"$(PROJECT_DIR)/HDMasterProject/HDCategoryDemo",
				);
				GCC_INCREASE_PRECOMPILED_HEADER_SHARING = YES;
				GCC_PREFIX_HEADER = HDMasterProject/PrefixHeader.pch;
				HEADER_SEARCH_PATHS = (
					"$(inherited)",
					"\"${PODS_ROOT}/Headers/Public\"",
				);
				INFOPLIST_FILE = HDMasterProject/Info.plist;
				LD_GENERATE_MAP_FILE = NO;
				LD_RUNPATH_SEARCH_PATHS = "$(inherited) @executable_path/Frameworks";
				LIBRARY_SEARCH_PATHS = (
					"$(inherited)",
					../HDSubProjectOne/,
					../HDSubProjectTwo/,
					"$(PROJECT_DIR)/HDMasterProject/HDMapVC/BaiduMapKit/thirdlibs",
				);
				ONLY_ACTIVE_ARCH = YES;
				OTHER_LDFLAGS = (
					"$(inherited)",
					"-Objc",
				);
				PRODUCT_BUNDLE_IDENTIFIER = com.harry.HDMasterProject;
				PRODUCT_NAME = "$(TARGET_NAME)";
				PROVISIONING_PROFILE = "47c59c2c-9929-44d7-84cf-3d573ebaebbc";
				PROVISIONING_PROFILE_SPECIFIER = wildcard_dev;
				VALID_ARCHS = "arm64 armv7 armv7s";
			};
			name = Debug;
		};
		049DC0F91CD0527C0021599C /* Release */ = {
			isa = XCBuildConfiguration;
			baseConfigurationReference = 0DD9BCDA704485722CB79C99 /* Pods-HDMasterProject.release.xcconfig */;
			buildSettings = {
				ASSETCATALOG_COMPILER_APPICON_NAME = AppIcon;
				DEVELOPMENT_TEAM = "";
				FRAMEWORK_SEARCH_PATHS = (
					"$(inherited)",
					"$(PROJECT_DIR)/HDMasterProject",
					"$(PROJECT_DIR)/HDMasterProject/HDMapVC/BaiduMap_IOSSDK_v3",
					"$(PROJECT_DIR)/HDMasterProject/HDMapVC/BaiduMapKit",
					"$(PROJECT_DIR)/HDMasterProject/HDCategoryDemo",
				);
				GCC_INCREASE_PRECOMPILED_HEADER_SHARING = YES;
				GCC_PREFIX_HEADER = HDMasterProject/PrefixHeader.pch;
				HEADER_SEARCH_PATHS = (
					"$(inherited)",
					"\"${PODS_ROOT}/Headers/Public\"",
				);
				INFOPLIST_FILE = HDMasterProject/Info.plist;
				LD_GENERATE_MAP_FILE = NO;
				LD_RUNPATH_SEARCH_PATHS = "$(inherited) @executable_path/Frameworks";
				LIBRARY_SEARCH_PATHS = (
					"$(inherited)",
					../HDSubProjectOne/,
					../HDSubProjectTwo/,
					"$(PROJECT_DIR)/HDMasterProject/HDMapVC/BaiduMapKit/thirdlibs",
				);
				ONLY_ACTIVE_ARCH = NO;
				OTHER_LDFLAGS = (
					"$(inherited)",
					"-Objc",
				);
				PRODUCT_BUNDLE_IDENTIFIER = com.harry.HDMasterProject;
				PRODUCT_NAME = "$(TARGET_NAME)";
				PROVISIONING_PROFILE_SPECIFIER = "";
				VALID_ARCHS = "arm64 armv7 armv7s";
			};
			name = Release;
		};
/* End XCBuildConfiguration section */

/* Begin XCConfigurationList section */
		049DC0DB1CD0527C0021599C /* Build configuration list for PBXProject "HDMasterProject" */ = {
			isa = XCConfigurationList;
			buildConfigurations = (
				049DC0F51CD0527C0021599C /* Debug */,
				049DC0F61CD0527C0021599C /* Release */,
			);
			defaultConfigurationIsVisible = 0;
			defaultConfigurationName = Release;
		};
		049DC0F71CD0527C0021599C /* Build configuration list for PBXNativeTarget "HDMasterProject" */ = {
			isa = XCConfigurationList;
			buildConfigurations = (
				049DC0F81CD0527C0021599C /* Debug */,
				049DC0F91CD0527C0021599C /* Release */,
			);
			defaultConfigurationIsVisible = 0;
			defaultConfigurationName = Release;
		};
/* End XCConfigurationList section */
	};
	rootObject = 049DC0D81CD0527C0021599C /* Project object */;
}
